
Microsoft Visual Studio Solution File, Format Version 12.00
# Visual Studio 14
VisualStudioVersion = 14.0.25420.1
MinimumVisualStudioVersion = 10.0.40219.1
Project("{8BC9CEB8-8B4A-11D0-8D11-00A0C91BC942}") = "Common", "Common\Common.vcxproj", "{A699974B-76D3-4586-B306-6FEDAAC4734C}"
EndProject
Project("{8BC9CEB8-8B4A-11D0-8D11-00A0C91BC942}") = "LibStatic", "3rd\RakNet\Lib\LibStatic\LibStatic_vc9.vcxproj", "{6533BDAE-0F0C-45E4-8FE7-ADD0F37FE063}"
EndProject
Project("{2150E333-8FDC-42A3-9474-1A3956D46DE8}") = "3rd", "3rd", "{B57F885B-1129-470B-8C29-76583B6ACA24}"
EndProject
Project("{8BC9CEB8-8B4A-11D0-8D11-00A0C91BC942}") = "lua_test", "lua_test\lua_test.vcxproj", "{556814A4-F01A-4733-9338-C4382FE268F2}"
EndProject
Project("{2150E333-8FDC-42A3-9474-1A3956D46DE8}") = "script", "script", "{E2E2AC1A-D21B-45D6-9B09-C4FCD6AD87A7}"
EndProject
Project("{2150E333-8FDC-42A3-9474-1A3956D46DE8}") = "proxyserver", "proxyserver", "{4D8946D0-904E-482A-AB8C-4B74C32DF79D}"
	ProjectSection(SolutionItems) = preProject
		src\script\proxyserver\config.lua = src\script\proxyserver\config.lua
	EndProjectSection
EndProject
Project("{8BC9CEB8-8B4A-11D0-8D11-00A0C91BC942}") = "http_test", "http_test\http_test.vcxproj", "{B985AC6D-9CCB-4EAB-AE80-0549B118C433}"
EndProject
Project("{8BC9CEB8-8B4A-11D0-8D11-00A0C91BC942}") = "hiredis", "3rd\redis-win-3.2.100\msvs\hiredis\hiredis.vcxproj", "{13E85053-54B3-487B-8DDB-3430B1C1B3BF}"
EndProject
Project("{8BC9CEB8-8B4A-11D0-8D11-00A0C91BC942}") = "Win32_Interop", "3rd\redis-win-3.2.100\src\Win32_Interop\Win32_Interop.vcxproj", "{8C07F811-C81C-432C-B334-1AE6FAECF951}"
EndProject
Global
	GlobalSection(SolutionConfigurationPlatforms) = preSolution
		Debug|x64 = Debug|x64
		Debug|x86 = Debug|x86
		DLL Debug - DLL OpenSSL - DLL LibSSH2|x64 = DLL Debug - DLL OpenSSL - DLL LibSSH2|x64
		DLL Debug - DLL OpenSSL - DLL LibSSH2|x86 = DLL Debug - DLL OpenSSL - DLL LibSSH2|x86
		DLL Debug - DLL OpenSSL|x64 = DLL Debug - DLL OpenSSL|x64
		DLL Debug - DLL OpenSSL|x86 = DLL Debug - DLL OpenSSL|x86
		DLL Debug - DLL Windows SSPI - DLL WinIDN|x64 = DLL Debug - DLL Windows SSPI - DLL WinIDN|x64
		DLL Debug - DLL Windows SSPI - DLL WinIDN|x86 = DLL Debug - DLL Windows SSPI - DLL WinIDN|x86
		DLL Debug - DLL Windows SSPI|x64 = DLL Debug - DLL Windows SSPI|x64
		DLL Debug - DLL Windows SSPI|x86 = DLL Debug - DLL Windows SSPI|x86
		DLL Debug - DLL wolfSSL|x64 = DLL Debug - DLL wolfSSL|x64
		DLL Debug - DLL wolfSSL|x86 = DLL Debug - DLL wolfSSL|x86
		DLL Debug|x64 = DLL Debug|x64
		DLL Debug|x86 = DLL Debug|x86
		DLL Release - DLL OpenSSL - DLL LibSSH2|x64 = DLL Release - DLL OpenSSL - DLL LibSSH2|x64
		DLL Release - DLL OpenSSL - DLL LibSSH2|x86 = DLL Release - DLL OpenSSL - DLL LibSSH2|x86
		DLL Release - DLL OpenSSL|x64 = DLL Release - DLL OpenSSL|x64
		DLL Release - DLL OpenSSL|x86 = DLL Release - DLL OpenSSL|x86
		DLL Release - DLL Windows SSPI - DLL WinIDN|x64 = DLL Release - DLL Windows SSPI - DLL WinIDN|x64
		DLL Release - DLL Windows SSPI - DLL WinIDN|x86 = DLL Release - DLL Windows SSPI - DLL WinIDN|x86
		DLL Release - DLL Windows SSPI|x64 = DLL Release - DLL Windows SSPI|x64
		DLL Release - DLL Windows SSPI|x86 = DLL Release - DLL Windows SSPI|x86
		DLL Release - DLL wolfSSL|x64 = DLL Release - DLL wolfSSL|x64
		DLL Release - DLL wolfSSL|x86 = DLL Release - DLL wolfSSL|x86
		DLL Release|x64 = DLL Release|x64
		DLL Release|x86 = DLL Release|x86
		LIB Debug - DLL OpenSSL - DLL LibSSH2|x64 = LIB Debug - DLL OpenSSL - DLL LibSSH2|x64
		LIB Debug - DLL OpenSSL - DLL LibSSH2|x86 = LIB Debug - DLL OpenSSL - DLL LibSSH2|x86
		LIB Debug - DLL OpenSSL|x64 = LIB Debug - DLL OpenSSL|x64
		LIB Debug - DLL OpenSSL|x86 = LIB Debug - DLL OpenSSL|x86
		LIB Debug - DLL Windows SSPI - DLL WinIDN|x64 = LIB Debug - DLL Windows SSPI - DLL WinIDN|x64
		LIB Debug - DLL Windows SSPI - DLL WinIDN|x86 = LIB Debug - DLL Windows SSPI - DLL WinIDN|x86
		LIB Debug - DLL Windows SSPI|x64 = LIB Debug - DLL Windows SSPI|x64
		LIB Debug - DLL Windows SSPI|x86 = LIB Debug - DLL Windows SSPI|x86
		LIB Debug - LIB OpenSSL - LIB LibSSH2|x64 = LIB Debug - LIB OpenSSL - LIB LibSSH2|x64
		LIB Debug - LIB OpenSSL - LIB LibSSH2|x86 = LIB Debug - LIB OpenSSL - LIB LibSSH2|x86
		LIB Debug - LIB OpenSSL|x64 = LIB Debug - LIB OpenSSL|x64
		LIB Debug - LIB OpenSSL|x86 = LIB Debug - LIB OpenSSL|x86
		LIB Debug - LIB wolfSSL|x64 = LIB Debug - LIB wolfSSL|x64
		LIB Debug - LIB wolfSSL|x86 = LIB Debug - LIB wolfSSL|x86
		LIB Debug|x64 = LIB Debug|x64
		LIB Debug|x86 = LIB Debug|x86
		LIB Release - DLL OpenSSL - DLL LibSSH2|x64 = LIB Release - DLL OpenSSL - DLL LibSSH2|x64
		LIB Release - DLL OpenSSL - DLL LibSSH2|x86 = LIB Release - DLL OpenSSL - DLL LibSSH2|x86
		LIB Release - DLL OpenSSL|x64 = LIB Release - DLL OpenSSL|x64
		LIB Release - DLL OpenSSL|x86 = LIB Release - DLL OpenSSL|x86
		LIB Release - DLL Windows SSPI - DLL WinIDN|x64 = LIB Release - DLL Windows SSPI - DLL WinIDN|x64
		LIB Release - DLL Windows SSPI - DLL WinIDN|x86 = LIB Release - DLL Windows SSPI - DLL WinIDN|x86
		LIB Release - DLL Windows SSPI|x64 = LIB Release - DLL Windows SSPI|x64
		LIB Release - DLL Windows SSPI|x86 = LIB Release - DLL Windows SSPI|x86
		LIB Release - LIB OpenSSL - LIB LibSSH2|x64 = LIB Release - LIB OpenSSL - LIB LibSSH2|x64
		LIB Release - LIB OpenSSL - LIB LibSSH2|x86 = LIB Release - LIB OpenSSL - LIB LibSSH2|x86
		LIB Release - LIB OpenSSL|x64 = LIB Release - LIB OpenSSL|x64
		LIB Release - LIB OpenSSL|x86 = LIB Release - LIB OpenSSL|x86
		LIB Release - LIB wolfSSL|x64 = LIB Release - LIB wolfSSL|x64
		LIB Release - LIB wolfSSL|x86 = LIB Release - LIB wolfSSL|x86
		LIB Release|x64 = LIB Release|x64
		LIB Release|x86 = LIB Release|x86
		MinSizeRel|x64 = MinSizeRel|x64
		MinSizeRel|x86 = MinSizeRel|x86
		Release|x64 = Release|x64
		Release|x86 = Release|x86
		RelWithDebInfo|x64 = RelWithDebInfo|x64
		RelWithDebInfo|x86 = RelWithDebInfo|x86
		withLua50_Debug|x64 = withLua50_Debug|x64
		withLua50_Debug|x86 = withLua50_Debug|x86
		withLua50_Release|x64 = withLua50_Release|x64
		withLua50_Release|x86 = withLua50_Release|x86
		withLua51_Debug|x64 = withLua51_Debug|x64
		withLua51_Debug|x86 = withLua51_Debug|x86
		withLua51_Release|x64 = withLua51_Release|x64
		withLua51_Release|x86 = withLua51_Release|x86
	EndGlobalSection
	GlobalSection(ProjectConfigurationPlatforms) = postSolution
		{A699974B-76D3-4586-B306-6FEDAAC4734C}.Debug|x64.ActiveCfg = Debug|x64
		{A699974B-76D3-4586-B306-6FEDAAC4734C}.Debug|x64.Build.0 = Debug|x64
		{A699974B-76D3-4586-B306-6FEDAAC4734C}.Debug|x86.ActiveCfg = Debug|Win32
		{A699974B-76D3-4586-B306-6FEDAAC4734C}.Debug|x86.Build.0 = Debug|Win32
		{A699974B-76D3-4586-B306-6FEDAAC4734C}.DLL Debug - DLL OpenSSL - DLL LibSSH2|x64.ActiveCfg = Debug|x64
		{A699974B-76D3-4586-B306-6FEDAAC4734C}.DLL Debug - DLL OpenSSL - DLL LibSSH2|x64.Build.0 = Debug|x64
		{A699974B-76D3-4586-B306-6FEDAAC4734C}.DLL Debug - DLL OpenSSL - DLL LibSSH2|x86.ActiveCfg = Debug|Win32
		{A699974B-76D3-4586-B306-6FEDAAC4734C}.DLL Debug - DLL OpenSSL - DLL LibSSH2|x86.Build.0 = Debug|Win32
		{A699974B-76D3-4586-B306-6FEDAAC4734C}.DLL Debug - DLL OpenSSL|x64.ActiveCfg = Debug|x64
		{A699974B-76D3-4586-B306-6FEDAAC4734C}.DLL Debug - DLL OpenSSL|x64.Build.0 = Debug|x64
		{A699974B-76D3-4586-B306-6FEDAAC4734C}.DLL Debug - DLL OpenSSL|x86.ActiveCfg = Debug|Win32
		{A699974B-76D3-4586-B306-6FEDAAC4734C}.DLL Debug - DLL OpenSSL|x86.Build.0 = Debug|Win32
		{A699974B-76D3-4586-B306-6FEDAAC4734C}.DLL Debug - DLL Windows SSPI - DLL WinIDN|x64.ActiveCfg = Debug|x64
		{A699974B-76D3-4586-B306-6FEDAAC4734C}.DLL Debug - DLL Windows SSPI - DLL WinIDN|x64.Build.0 = Debug|x64
		{A699974B-76D3-4586-B306-6FEDAAC4734C}.DLL Debug - DLL Windows SSPI - DLL WinIDN|x86.ActiveCfg = Debug|Win32
		{A699974B-76D3-4586-B306-6FEDAAC4734C}.DLL Debug - DLL Windows SSPI - DLL WinIDN|x86.Build.0 = Debug|Win32
		{A699974B-76D3-4586-B306-6FEDAAC4734C}.DLL Debug - DLL Windows SSPI|x64.ActiveCfg = Debug|x64
		{A699974B-76D3-4586-B306-6FEDAAC4734C}.DLL Debug - DLL Windows SSPI|x64.Build.0 = Debug|x64
		{A699974B-76D3-4586-B306-6FEDAAC4734C}.DLL Debug - DLL Windows SSPI|x86.ActiveCfg = Debug|Win32
		{A699974B-76D3-4586-B306-6FEDAAC4734C}.DLL Debug - DLL Windows SSPI|x86.Build.0 = Debug|Win32
		{A699974B-76D3-4586-B306-6FEDAAC4734C}.DLL Debug - DLL wolfSSL|x64.ActiveCfg = Debug|x64
		{A699974B-76D3-4586-B306-6FEDAAC4734C}.DLL Debug - DLL wolfSSL|x64.Build.0 = Debug|x64
		{A699974B-76D3-4586-B306-6FEDAAC4734C}.DLL Debug - DLL wolfSSL|x86.ActiveCfg = Debug|Win32
		{A699974B-76D3-4586-B306-6FEDAAC4734C}.DLL Debug - DLL wolfSSL|x86.Build.0 = Debug|Win32
		{A699974B-76D3-4586-B306-6FEDAAC4734C}.DLL Debug|x64.ActiveCfg = Debug|x64
		{A699974B-76D3-4586-B306-6FEDAAC4734C}.DLL Debug|x64.Build.0 = Debug|x64
		{A699974B-76D3-4586-B306-6FEDAAC4734C}.DLL Debug|x86.ActiveCfg = Debug|Win32
		{A699974B-76D3-4586-B306-6FEDAAC4734C}.DLL Debug|x86.Build.0 = Debug|Win32
		{A699974B-76D3-4586-B306-6FEDAAC4734C}.DLL Release - DLL OpenSSL - DLL LibSSH2|x64.ActiveCfg = Release|x64
		{A699974B-76D3-4586-B306-6FEDAAC4734C}.DLL Release - DLL OpenSSL - DLL LibSSH2|x64.Build.0 = Release|x64
		{A699974B-76D3-4586-B306-6FEDAAC4734C}.DLL Release - DLL OpenSSL - DLL LibSSH2|x86.ActiveCfg = Release|Win32
		{A699974B-76D3-4586-B306-6FEDAAC4734C}.DLL Release - DLL OpenSSL - DLL LibSSH2|x86.Build.0 = Release|Win32
		{A699974B-76D3-4586-B306-6FEDAAC4734C}.DLL Release - DLL OpenSSL|x64.ActiveCfg = Release|x64
		{A699974B-76D3-4586-B306-6FEDAAC4734C}.DLL Release - DLL OpenSSL|x64.Build.0 = Release|x64
		{A699974B-76D3-4586-B306-6FEDAAC4734C}.DLL Release - DLL OpenSSL|x86.ActiveCfg = Release|Win32
		{A699974B-76D3-4586-B306-6FEDAAC4734C}.DLL Release - DLL OpenSSL|x86.Build.0 = Release|Win32
		{A699974B-76D3-4586-B306-6FEDAAC4734C}.DLL Release - DLL Windows SSPI - DLL WinIDN|x64.ActiveCfg = Release|x64
		{A699974B-76D3-4586-B306-6FEDAAC4734C}.DLL Release - DLL Windows SSPI - DLL WinIDN|x64.Build.0 = Release|x64
		{A699974B-76D3-4586-B306-6FEDAAC4734C}.DLL Release - DLL Windows SSPI - DLL WinIDN|x86.ActiveCfg = Release|Win32
		{A699974B-76D3-4586-B306-6FEDAAC4734C}.DLL Release - DLL Windows SSPI - DLL WinIDN|x86.Build.0 = Release|Win32
		{A699974B-76D3-4586-B306-6FEDAAC4734C}.DLL Release - DLL Windows SSPI|x64.ActiveCfg = Release|x64
		{A699974B-76D3-4586-B306-6FEDAAC4734C}.DLL Release - DLL Windows SSPI|x64.Build.0 = Release|x64
		{A699974B-76D3-4586-B306-6FEDAAC4734C}.DLL Release - DLL Windows SSPI|x86.ActiveCfg = Release|Win32
		{A699974B-76D3-4586-B306-6FEDAAC4734C}.DLL Release - DLL Windows SSPI|x86.Build.0 = Release|Win32
		{A699974B-76D3-4586-B306-6FEDAAC4734C}.DLL Release - DLL wolfSSL|x64.ActiveCfg = Release|x64
		{A699974B-76D3-4586-B306-6FEDAAC4734C}.DLL Release - DLL wolfSSL|x64.Build.0 = Release|x64
		{A699974B-76D3-4586-B306-6FEDAAC4734C}.DLL Release - DLL wolfSSL|x86.ActiveCfg = Release|Win32
		{A699974B-76D3-4586-B306-6FEDAAC4734C}.DLL Release - DLL wolfSSL|x86.Build.0 = Release|Win32
		{A699974B-76D3-4586-B306-6FEDAAC4734C}.DLL Release|x64.ActiveCfg = Release|x64
		{A699974B-76D3-4586-B306-6FEDAAC4734C}.DLL Release|x64.Build.0 = Release|x64
		{A699974B-76D3-4586-B306-6FEDAAC4734C}.DLL Release|x86.ActiveCfg = Release|Win32
		{A699974B-76D3-4586-B306-6FEDAAC4734C}.DLL Release|x86.Build.0 = Release|Win32
		{A699974B-76D3-4586-B306-6FEDAAC4734C}.LIB Debug - DLL OpenSSL - DLL LibSSH2|x64.ActiveCfg = Debug|x64
		{A699974B-76D3-4586-B306-6FEDAAC4734C}.LIB Debug - DLL OpenSSL - DLL LibSSH2|x64.Build.0 = Debug|x64
		{A699974B-76D3-4586-B306-6FEDAAC4734C}.LIB Debug - DLL OpenSSL - DLL LibSSH2|x86.ActiveCfg = Debug|Win32
		{A699974B-76D3-4586-B306-6FEDAAC4734C}.LIB Debug - DLL OpenSSL - DLL LibSSH2|x86.Build.0 = Debug|Win32
		{A699974B-76D3-4586-B306-6FEDAAC4734C}.LIB Debug - DLL OpenSSL|x64.ActiveCfg = Debug|x64
		{A699974B-76D3-4586-B306-6FEDAAC4734C}.LIB Debug - DLL OpenSSL|x64.Build.0 = Debug|x64
		{A699974B-76D3-4586-B306-6FEDAAC4734C}.LIB Debug - DLL OpenSSL|x86.ActiveCfg = Debug|Win32
		{A699974B-76D3-4586-B306-6FEDAAC4734C}.LIB Debug - DLL OpenSSL|x86.Build.0 = Debug|Win32
		{A699974B-76D3-4586-B306-6FEDAAC4734C}.LIB Debug - DLL Windows SSPI - DLL WinIDN|x64.ActiveCfg = Debug|x64
		{A699974B-76D3-4586-B306-6FEDAAC4734C}.LIB Debug - DLL Windows SSPI - DLL WinIDN|x64.Build.0 = Debug|x64
		{A699974B-76D3-4586-B306-6FEDAAC4734C}.LIB Debug - DLL Windows SSPI - DLL WinIDN|x86.ActiveCfg = Debug|Win32
		{A699974B-76D3-4586-B306-6FEDAAC4734C}.LIB Debug - DLL Windows SSPI - DLL WinIDN|x86.Build.0 = Debug|Win32
		{A699974B-76D3-4586-B306-6FEDAAC4734C}.LIB Debug - DLL Windows SSPI|x64.ActiveCfg = Debug|x64
		{A699974B-76D3-4586-B306-6FEDAAC4734C}.LIB Debug - DLL Windows SSPI|x64.Build.0 = Debug|x64
		{A699974B-76D3-4586-B306-6FEDAAC4734C}.LIB Debug - DLL Windows SSPI|x86.ActiveCfg = Debug|Win32
		{A699974B-76D3-4586-B306-6FEDAAC4734C}.LIB Debug - DLL Windows SSPI|x86.Build.0 = Debug|Win32
		{A699974B-76D3-4586-B306-6FEDAAC4734C}.LIB Debug - LIB OpenSSL - LIB LibSSH2|x64.ActiveCfg = Debug|x64
		{A699974B-76D3-4586-B306-6FEDAAC4734C}.LIB Debug - LIB OpenSSL - LIB LibSSH2|x64.Build.0 = Debug|x64
		{A699974B-76D3-4586-B306-6FEDAAC4734C}.LIB Debug - LIB OpenSSL - LIB LibSSH2|x86.ActiveCfg = Debug|Win32
		{A699974B-76D3-4586-B306-6FEDAAC4734C}.LIB Debug - LIB OpenSSL - LIB LibSSH2|x86.Build.0 = Debug|Win32
		{A699974B-76D3-4586-B306-6FEDAAC4734C}.LIB Debug - LIB OpenSSL|x64.ActiveCfg = Debug|x64
		{A699974B-76D3-4586-B306-6FEDAAC4734C}.LIB Debug - LIB OpenSSL|x64.Build.0 = Debug|x64
		{A699974B-76D3-4586-B306-6FEDAAC4734C}.LIB Debug - LIB OpenSSL|x86.ActiveCfg = Debug|Win32
		{A699974B-76D3-4586-B306-6FEDAAC4734C}.LIB Debug - LIB OpenSSL|x86.Build.0 = Debug|Win32
		{A699974B-76D3-4586-B306-6FEDAAC4734C}.LIB Debug - LIB wolfSSL|x64.ActiveCfg = Debug|x64
		{A699974B-76D3-4586-B306-6FEDAAC4734C}.LIB Debug - LIB wolfSSL|x64.Build.0 = Debug|x64
		{A699974B-76D3-4586-B306-6FEDAAC4734C}.LIB Debug - LIB wolfSSL|x86.ActiveCfg = Debug|Win32
		{A699974B-76D3-4586-B306-6FEDAAC4734C}.LIB Debug - LIB wolfSSL|x86.Build.0 = Debug|Win32
		{A699974B-76D3-4586-B306-6FEDAAC4734C}.LIB Debug|x64.ActiveCfg = Debug|x64
		{A699974B-76D3-4586-B306-6FEDAAC4734C}.LIB Debug|x64.Build.0 = Debug|x64
		{A699974B-76D3-4586-B306-6FEDAAC4734C}.LIB Debug|x86.ActiveCfg = Debug|Win32
		{A699974B-76D3-4586-B306-6FEDAAC4734C}.LIB Debug|x86.Build.0 = Debug|Win32
		{A699974B-76D3-4586-B306-6FEDAAC4734C}.LIB Release - DLL OpenSSL - DLL LibSSH2|x64.ActiveCfg = Release|x64
		{A699974B-76D3-4586-B306-6FEDAAC4734C}.LIB Release - DLL OpenSSL - DLL LibSSH2|x64.Build.0 = Release|x64
		{A699974B-76D3-4586-B306-6FEDAAC4734C}.LIB Release - DLL OpenSSL - DLL LibSSH2|x86.ActiveCfg = Release|Win32
		{A699974B-76D3-4586-B306-6FEDAAC4734C}.LIB Release - DLL OpenSSL - DLL LibSSH2|x86.Build.0 = Release|Win32
		{A699974B-76D3-4586-B306-6FEDAAC4734C}.LIB Release - DLL OpenSSL|x64.ActiveCfg = Release|x64
		{A699974B-76D3-4586-B306-6FEDAAC4734C}.LIB Release - DLL OpenSSL|x64.Build.0 = Release|x64
		{A699974B-76D3-4586-B306-6FEDAAC4734C}.LIB Release - DLL OpenSSL|x86.ActiveCfg = Release|Win32
		{A699974B-76D3-4586-B306-6FEDAAC4734C}.LIB Release - DLL OpenSSL|x86.Build.0 = Release|Win32
		{A699974B-76D3-4586-B306-6FEDAAC4734C}.LIB Release - DLL Windows SSPI - DLL WinIDN|x64.ActiveCfg = Release|x64
		{A699974B-76D3-4586-B306-6FEDAAC4734C}.LIB Release - DLL Windows SSPI - DLL WinIDN|x64.Build.0 = Release|x64
		{A699974B-76D3-4586-B306-6FEDAAC4734C}.LIB Release - DLL Windows SSPI - DLL WinIDN|x86.ActiveCfg = Release|Win32
		{A699974B-76D3-4586-B306-6FEDAAC4734C}.LIB Release - DLL Windows SSPI - DLL WinIDN|x86.Build.0 = Release|Win32
		{A699974B-76D3-4586-B306-6FEDAAC4734C}.LIB Release - DLL Windows SSPI|x64.ActiveCfg = Release|x64
		{A699974B-76D3-4586-B306-6FEDAAC4734C}.LIB Release - DLL Windows SSPI|x64.Build.0 = Release|x64
		{A699974B-76D3-4586-B306-6FEDAAC4734C}.LIB Release - DLL Windows SSPI|x86.ActiveCfg = Release|Win32
		{A699974B-76D3-4586-B306-6FEDAAC4734C}.LIB Release - DLL Windows SSPI|x86.Build.0 = Release|Win32
		{A699974B-76D3-4586-B306-6FEDAAC4734C}.LIB Release - LIB OpenSSL - LIB LibSSH2|x64.ActiveCfg = Release|x64
		{A699974B-76D3-4586-B306-6FEDAAC4734C}.LIB Release - LIB OpenSSL - LIB LibSSH2|x64.Build.0 = Release|x64
		{A699974B-76D3-4586-B306-6FEDAAC4734C}.LIB Release - LIB OpenSSL - LIB LibSSH2|x86.ActiveCfg = Release|Win32
		{A699974B-76D3-4586-B306-6FEDAAC4734C}.LIB Release - LIB OpenSSL - LIB LibSSH2|x86.Build.0 = Release|Win32
		{A699974B-76D3-4586-B306-6FEDAAC4734C}.LIB Release - LIB OpenSSL|x64.ActiveCfg = Release|x64
		{A699974B-76D3-4586-B306-6FEDAAC4734C}.LIB Release - LIB OpenSSL|x64.Build.0 = Release|x64
		{A699974B-76D3-4586-B306-6FEDAAC4734C}.LIB Release - LIB OpenSSL|x86.ActiveCfg = Release|Win32
		{A699974B-76D3-4586-B306-6FEDAAC4734C}.LIB Release - LIB OpenSSL|x86.Build.0 = Release|Win32
		{A699974B-76D3-4586-B306-6FEDAAC4734C}.LIB Release - LIB wolfSSL|x64.ActiveCfg = Release|x64
		{A699974B-76D3-4586-B306-6FEDAAC4734C}.LIB Release - LIB wolfSSL|x64.Build.0 = Release|x64
		{A699974B-76D3-4586-B306-6FEDAAC4734C}.LIB Release - LIB wolfSSL|x86.ActiveCfg = Release|Win32
		{A699974B-76D3-4586-B306-6FEDAAC4734C}.LIB Release - LIB wolfSSL|x86.Build.0 = Release|Win32
		{A699974B-76D3-4586-B306-6FEDAAC4734C}.LIB Release|x64.ActiveCfg = Release|x64
		{A699974B-76D3-4586-B306-6FEDAAC4734C}.LIB Release|x64.Build.0 = Release|x64
		{A699974B-76D3-4586-B306-6FEDAAC4734C}.LIB Release|x86.ActiveCfg = Release|Win32
		{A699974B-76D3-4586-B306-6FEDAAC4734C}.LIB Release|x86.Build.0 = Release|Win32
		{A699974B-76D3-4586-B306-6FEDAAC4734C}.MinSizeRel|x64.ActiveCfg = Release|x64
		{A699974B-76D3-4586-B306-6FEDAAC4734C}.MinSizeRel|x64.Build.0 = Release|x64
		{A699974B-76D3-4586-B306-6FEDAAC4734C}.MinSizeRel|x86.ActiveCfg = Release|Win32
		{A699974B-76D3-4586-B306-6FEDAAC4734C}.MinSizeRel|x86.Build.0 = Release|Win32
		{A699974B-76D3-4586-B306-6FEDAAC4734C}.Release|x64.ActiveCfg = Release|x64
		{A699974B-76D3-4586-B306-6FEDAAC4734C}.Release|x64.Build.0 = Release|x64
		{A699974B-76D3-4586-B306-6FEDAAC4734C}.Release|x86.ActiveCfg = Release|Win32
		{A699974B-76D3-4586-B306-6FEDAAC4734C}.Release|x86.Build.0 = Release|Win32
		{A699974B-76D3-4586-B306-6FEDAAC4734C}.RelWithDebInfo|x64.ActiveCfg = Release|x64
		{A699974B-76D3-4586-B306-6FEDAAC4734C}.RelWithDebInfo|x64.Build.0 = Release|x64
		{A699974B-76D3-4586-B306-6FEDAAC4734C}.RelWithDebInfo|x86.ActiveCfg = Release|Win32
		{A699974B-76D3-4586-B306-6FEDAAC4734C}.RelWithDebInfo|x86.Build.0 = Release|Win32
		{A699974B-76D3-4586-B306-6FEDAAC4734C}.withLua50_Debug|x64.ActiveCfg = Debug|x64
		{A699974B-76D3-4586-B306-6FEDAAC4734C}.withLua50_Debug|x64.Build.0 = Debug|x64
		{A699974B-76D3-4586-B306-6FEDAAC4734C}.withLua50_Debug|x86.ActiveCfg = Debug|Win32
		{A699974B-76D3-4586-B306-6FEDAAC4734C}.withLua50_Debug|x86.Build.0 = Debug|Win32
		{A699974B-76D3-4586-B306-6FEDAAC4734C}.withLua50_Release|x64.ActiveCfg = Release|x64
		{A699974B-76D3-4586-B306-6FEDAAC4734C}.withLua50_Release|x64.Build.0 = Release|x64
		{A699974B-76D3-4586-B306-6FEDAAC4734C}.withLua50_Release|x86.ActiveCfg = Release|Win32
		{A699974B-76D3-4586-B306-6FEDAAC4734C}.withLua50_Release|x86.Build.0 = Release|Win32
		{A699974B-76D3-4586-B306-6FEDAAC4734C}.withLua51_Debug|x64.ActiveCfg = Debug|x64
		{A699974B-76D3-4586-B306-6FEDAAC4734C}.withLua51_Debug|x64.Build.0 = Debug|x64
		{A699974B-76D3-4586-B306-6FEDAAC4734C}.withLua51_Debug|x86.ActiveCfg = Debug|Win32
		{A699974B-76D3-4586-B306-6FEDAAC4734C}.withLua51_Debug|x86.Build.0 = Debug|Win32
		{A699974B-76D3-4586-B306-6FEDAAC4734C}.withLua51_Release|x64.ActiveCfg = Release|x64
		{A699974B-76D3-4586-B306-6FEDAAC4734C}.withLua51_Release|x64.Build.0 = Release|x64
		{A699974B-76D3-4586-B306-6FEDAAC4734C}.withLua51_Release|x86.ActiveCfg = Release|Win32
		{A699974B-76D3-4586-B306-6FEDAAC4734C}.withLua51_Release|x86.Build.0 = Release|Win32
		{6533BDAE-0F0C-45E4-8FE7-ADD0F37FE063}.Debug|x64.ActiveCfg = Debug|x64
		{6533BDAE-0F0C-45E4-8FE7-ADD0F37FE063}.Debug|x64.Build.0 = Debug|x64
		{6533BDAE-0F0C-45E4-8FE7-ADD0F37FE063}.Debug|x86.ActiveCfg = Debug|Win32
		{6533BDAE-0F0C-45E4-8FE7-ADD0F37FE063}.Debug|x86.Build.0 = Debug|Win32
		{6533BDAE-0F0C-45E4-8FE7-ADD0F37FE063}.DLL Debug - DLL OpenSSL - DLL LibSSH2|x64.ActiveCfg = Debug|x64
		{6533BDAE-0F0C-45E4-8FE7-ADD0F37FE063}.DLL Debug - DLL OpenSSL - DLL LibSSH2|x64.Build.0 = Debug|x64
		{6533BDAE-0F0C-45E4-8FE7-ADD0F37FE063}.DLL Debug - DLL OpenSSL - DLL LibSSH2|x86.ActiveCfg = Debug|Win32
		{6533BDAE-0F0C-45E4-8FE7-ADD0F37FE063}.DLL Debug - DLL OpenSSL - DLL LibSSH2|x86.Build.0 = Debug|Win32
		{6533BDAE-0F0C-45E4-8FE7-ADD0F37FE063}.DLL Debug - DLL OpenSSL|x64.ActiveCfg = Debug|x64
		{6533BDAE-0F0C-45E4-8FE7-ADD0F37FE063}.DLL Debug - DLL OpenSSL|x64.Build.0 = Debug|x64
		{6533BDAE-0F0C-45E4-8FE7-ADD0F37FE063}.DLL Debug - DLL OpenSSL|x86.ActiveCfg = Debug|Win32
		{6533BDAE-0F0C-45E4-8FE7-ADD0F37FE063}.DLL Debug - DLL OpenSSL|x86.Build.0 = Debug|Win32
		{6533BDAE-0F0C-45E4-8FE7-ADD0F37FE063}.DLL Debug - DLL Windows SSPI - DLL WinIDN|x64.ActiveCfg = Debug|x64
		{6533BDAE-0F0C-45E4-8FE7-ADD0F37FE063}.DLL Debug - DLL Windows SSPI - DLL WinIDN|x64.Build.0 = Debug|x64
		{6533BDAE-0F0C-45E4-8FE7-ADD0F37FE063}.DLL Debug - DLL Windows SSPI - DLL WinIDN|x86.ActiveCfg = Debug|Win32
		{6533BDAE-0F0C-45E4-8FE7-ADD0F37FE063}.DLL Debug - DLL Windows SSPI - DLL WinIDN|x86.Build.0 = Debug|Win32
		{6533BDAE-0F0C-45E4-8FE7-ADD0F37FE063}.DLL Debug - DLL Windows SSPI|x64.ActiveCfg = Debug|x64
		{6533BDAE-0F0C-45E4-8FE7-ADD0F37FE063}.DLL Debug - DLL Windows SSPI|x64.Build.0 = Debug|x64
		{6533BDAE-0F0C-45E4-8FE7-ADD0F37FE063}.DLL Debug - DLL Windows SSPI|x86.ActiveCfg = Debug|Win32
		{6533BDAE-0F0C-45E4-8FE7-ADD0F37FE063}.DLL Debug - DLL Windows SSPI|x86.Build.0 = Debug|Win32
		{6533BDAE-0F0C-45E4-8FE7-ADD0F37FE063}.DLL Debug - DLL wolfSSL|x64.ActiveCfg = Debug|x64
		{6533BDAE-0F0C-45E4-8FE7-ADD0F37FE063}.DLL Debug - DLL wolfSSL|x64.Build.0 = Debug|x64
		{6533BDAE-0F0C-45E4-8FE7-ADD0F37FE063}.DLL Debug - DLL wolfSSL|x86.ActiveCfg = Debug|Win32
		{6533BDAE-0F0C-45E4-8FE7-ADD0F37FE063}.DLL Debug - DLL wolfSSL|x86.Build.0 = Debug|Win32
		{6533BDAE-0F0C-45E4-8FE7-ADD0F37FE063}.DLL Debug|x64.ActiveCfg = Debug|x64
		{6533BDAE-0F0C-45E4-8FE7-ADD0F37FE063}.DLL Debug|x64.Build.0 = Debug|x64
		{6533BDAE-0F0C-45E4-8FE7-ADD0F37FE063}.DLL Debug|x86.ActiveCfg = Debug|Win32
		{6533BDAE-0F0C-45E4-8FE7-ADD0F37FE063}.DLL Debug|x86.Build.0 = Debug|Win32
		{6533BDAE-0F0C-45E4-8FE7-ADD0F37FE063}.DLL Release - DLL OpenSSL - DLL LibSSH2|x64.ActiveCfg = Release|x64
		{6533BDAE-0F0C-45E4-8FE7-ADD0F37FE063}.DLL Release - DLL OpenSSL - DLL LibSSH2|x64.Build.0 = Release|x64
		{6533BDAE-0F0C-45E4-8FE7-ADD0F37FE063}.DLL Release - DLL OpenSSL - DLL LibSSH2|x86.ActiveCfg = Release|Win32
		{6533BDAE-0F0C-45E4-8FE7-ADD0F37FE063}.DLL Release - DLL OpenSSL - DLL LibSSH2|x86.Build.0 = Release|Win32
		{6533BDAE-0F0C-45E4-8FE7-ADD0F37FE063}.DLL Release - DLL OpenSSL|x64.ActiveCfg = Release|x64
		{6533BDAE-0F0C-45E4-8FE7-ADD0F37FE063}.DLL Release - DLL OpenSSL|x64.Build.0 = Release|x64
		{6533BDAE-0F0C-45E4-8FE7-ADD0F37FE063}.DLL Release - DLL OpenSSL|x86.ActiveCfg = Release|Win32
		{6533BDAE-0F0C-45E4-8FE7-ADD0F37FE063}.DLL Release - DLL OpenSSL|x86.Build.0 = Release|Win32
		{6533BDAE-0F0C-45E4-8FE7-ADD0F37FE063}.DLL Release - DLL Windows SSPI - DLL WinIDN|x64.ActiveCfg = Release|x64
		{6533BDAE-0F0C-45E4-8FE7-ADD0F37FE063}.DLL Release - DLL Windows SSPI - DLL WinIDN|x64.Build.0 = Release|x64
		{6533BDAE-0F0C-45E4-8FE7-ADD0F37FE063}.DLL Release - DLL Windows SSPI - DLL WinIDN|x86.ActiveCfg = Release|Win32
		{6533BDAE-0F0C-45E4-8FE7-ADD0F37FE063}.DLL Release - DLL Windows SSPI - DLL WinIDN|x86.Build.0 = Release|Win32
		{6533BDAE-0F0C-45E4-8FE7-ADD0F37FE063}.DLL Release - DLL Windows SSPI|x64.ActiveCfg = Release|x64
		{6533BDAE-0F0C-45E4-8FE7-ADD0F37FE063}.DLL Release - DLL Windows SSPI|x64.Build.0 = Release|x64
		{6533BDAE-0F0C-45E4-8FE7-ADD0F37FE063}.DLL Release - DLL Windows SSPI|x86.ActiveCfg = Release|Win32
		{6533BDAE-0F0C-45E4-8FE7-ADD0F37FE063}.DLL Release - DLL Windows SSPI|x86.Build.0 = Release|Win32
		{6533BDAE-0F0C-45E4-8FE7-ADD0F37FE063}.DLL Release - DLL wolfSSL|x64.ActiveCfg = Release|x64
		{6533BDAE-0F0C-45E4-8FE7-ADD0F37FE063}.DLL Release - DLL wolfSSL|x64.Build.0 = Release|x64
		{6533BDAE-0F0C-45E4-8FE7-ADD0F37FE063}.DLL Release - DLL wolfSSL|x86.ActiveCfg = Release|Win32
		{6533BDAE-0F0C-45E4-8FE7-ADD0F37FE063}.DLL Release - DLL wolfSSL|x86.Build.0 = Release|Win32
		{6533BDAE-0F0C-45E4-8FE7-ADD0F37FE063}.DLL Release|x64.ActiveCfg = Release|x64
		{6533BDAE-0F0C-45E4-8FE7-ADD0F37FE063}.DLL Release|x64.Build.0 = Release|x64
		{6533BDAE-0F0C-45E4-8FE7-ADD0F37FE063}.DLL Release|x86.ActiveCfg = Release|Win32
		{6533BDAE-0F0C-45E4-8FE7-ADD0F37FE063}.DLL Release|x86.Build.0 = Release|Win32
		{6533BDAE-0F0C-45E4-8FE7-ADD0F37FE063}.LIB Debug - DLL OpenSSL - DLL LibSSH2|x64.ActiveCfg = Debug|x64
		{6533BDAE-0F0C-45E4-8FE7-ADD0F37FE063}.LIB Debug - DLL OpenSSL - DLL LibSSH2|x64.Build.0 = Debug|x64
		{6533BDAE-0F0C-45E4-8FE7-ADD0F37FE063}.LIB Debug - DLL OpenSSL - DLL LibSSH2|x86.ActiveCfg = Debug|Win32
		{6533BDAE-0F0C-45E4-8FE7-ADD0F37FE063}.LIB Debug - DLL OpenSSL - DLL LibSSH2|x86.Build.0 = Debug|Win32
		{6533BDAE-0F0C-45E4-8FE7-ADD0F37FE063}.LIB Debug - DLL OpenSSL|x64.ActiveCfg = Debug|x64
		{6533BDAE-0F0C-45E4-8FE7-ADD0F37FE063}.LIB Debug - DLL OpenSSL|x64.Build.0 = Debug|x64
		{6533BDAE-0F0C-45E4-8FE7-ADD0F37FE063}.LIB Debug - DLL OpenSSL|x86.ActiveCfg = Debug|Win32
		{6533BDAE-0F0C-45E4-8FE7-ADD0F37FE063}.LIB Debug - DLL OpenSSL|x86.Build.0 = Debug|Win32
		{6533BDAE-0F0C-45E4-8FE7-ADD0F37FE063}.LIB Debug - DLL Windows SSPI - DLL WinIDN|x64.ActiveCfg = Debug|x64
		{6533BDAE-0F0C-45E4-8FE7-ADD0F37FE063}.LIB Debug - DLL Windows SSPI - DLL WinIDN|x64.Build.0 = Debug|x64
		{6533BDAE-0F0C-45E4-8FE7-ADD0F37FE063}.LIB Debug - DLL Windows SSPI - DLL WinIDN|x86.ActiveCfg = Debug|Win32
		{6533BDAE-0F0C-45E4-8FE7-ADD0F37FE063}.LIB Debug - DLL Windows SSPI - DLL WinIDN|x86.Build.0 = Debug|Win32
		{6533BDAE-0F0C-45E4-8FE7-ADD0F37FE063}.LIB Debug - DLL Windows SSPI|x64.ActiveCfg = Debug|x64
		{6533BDAE-0F0C-45E4-8FE7-ADD0F37FE063}.LIB Debug - DLL Windows SSPI|x64.Build.0 = Debug|x64
		{6533BDAE-0F0C-45E4-8FE7-ADD0F37FE063}.LIB Debug - DLL Windows SSPI|x86.ActiveCfg = Debug|Win32
		{6533BDAE-0F0C-45E4-8FE7-ADD0F37FE063}.LIB Debug - DLL Windows SSPI|x86.Build.0 = Debug|Win32
		{6533BDAE-0F0C-45E4-8FE7-ADD0F37FE063}.LIB Debug - LIB OpenSSL - LIB LibSSH2|x64.ActiveCfg = Debug|x64
		{6533BDAE-0F0C-45E4-8FE7-ADD0F37FE063}.LIB Debug - LIB OpenSSL - LIB LibSSH2|x64.Build.0 = Debug|x64
		{6533BDAE-0F0C-45E4-8FE7-ADD0F37FE063}.LIB Debug - LIB OpenSSL - LIB LibSSH2|x86.ActiveCfg = Debug|Win32
		{6533BDAE-0F0C-45E4-8FE7-ADD0F37FE063}.LIB Debug - LIB OpenSSL - LIB LibSSH2|x86.Build.0 = Debug|Win32
		{6533BDAE-0F0C-45E4-8FE7-ADD0F37FE063}.LIB Debug - LIB OpenSSL|x64.ActiveCfg = Debug|x64
		{6533BDAE-0F0C-45E4-8FE7-ADD0F37FE063}.LIB Debug - LIB OpenSSL|x64.Build.0 = Debug|x64
		{6533BDAE-0F0C-45E4-8FE7-ADD0F37FE063}.LIB Debug - LIB OpenSSL|x86.ActiveCfg = Debug|Win32
		{6533BDAE-0F0C-45E4-8FE7-ADD0F37FE063}.LIB Debug - LIB OpenSSL|x86.Build.0 = Debug|Win32
		{6533BDAE-0F0C-45E4-8FE7-ADD0F37FE063}.LIB Debug - LIB wolfSSL|x64.ActiveCfg = Debug|x64
		{6533BDAE-0F0C-45E4-8FE7-ADD0F37FE063}.LIB Debug - LIB wolfSSL|x64.Build.0 = Debug|x64
		{6533BDAE-0F0C-45E4-8FE7-ADD0F37FE063}.LIB Debug - LIB wolfSSL|x86.ActiveCfg = Debug|Win32
		{6533BDAE-0F0C-45E4-8FE7-ADD0F37FE063}.LIB Debug - LIB wolfSSL|x86.Build.0 = Debug|Win32
		{6533BDAE-0F0C-45E4-8FE7-ADD0F37FE063}.LIB Debug|x64.ActiveCfg = Debug|x64
		{6533BDAE-0F0C-45E4-8FE7-ADD0F37FE063}.LIB Debug|x64.Build.0 = Debug|x64
		{6533BDAE-0F0C-45E4-8FE7-ADD0F37FE063}.LIB Debug|x86.ActiveCfg = Debug|Win32
		{6533BDAE-0F0C-45E4-8FE7-ADD0F37FE063}.LIB Debug|x86.Build.0 = Debug|Win32
		{6533BDAE-0F0C-45E4-8FE7-ADD0F37FE063}.LIB Release - DLL OpenSSL - DLL LibSSH2|x64.ActiveCfg = Release|x64
		{6533BDAE-0F0C-45E4-8FE7-ADD0F37FE063}.LIB Release - DLL OpenSSL - DLL LibSSH2|x64.Build.0 = Release|x64
		{6533BDAE-0F0C-45E4-8FE7-ADD0F37FE063}.LIB Release - DLL OpenSSL - DLL LibSSH2|x86.ActiveCfg = Release|Win32
		{6533BDAE-0F0C-45E4-8FE7-ADD0F37FE063}.LIB Release - DLL OpenSSL - DLL LibSSH2|x86.Build.0 = Release|Win32
		{6533BDAE-0F0C-45E4-8FE7-ADD0F37FE063}.LIB Release - DLL OpenSSL|x64.ActiveCfg = Release|x64
		{6533BDAE-0F0C-45E4-8FE7-ADD0F37FE063}.LIB Release - DLL OpenSSL|x64.Build.0 = Release|x64
		{6533BDAE-0F0C-45E4-8FE7-ADD0F37FE063}.LIB Release - DLL OpenSSL|x86.ActiveCfg = Release|Win32
		{6533BDAE-0F0C-45E4-8FE7-ADD0F37FE063}.LIB Release - DLL OpenSSL|x86.Build.0 = Release|Win32
		{6533BDAE-0F0C-45E4-8FE7-ADD0F37FE063}.LIB Release - DLL Windows SSPI - DLL WinIDN|x64.ActiveCfg = Release|x64
		{6533BDAE-0F0C-45E4-8FE7-ADD0F37FE063}.LIB Release - DLL Windows SSPI - DLL WinIDN|x64.Build.0 = Release|x64
		{6533BDAE-0F0C-45E4-8FE7-ADD0F37FE063}.LIB Release - DLL Windows SSPI - DLL WinIDN|x86.ActiveCfg = Release|Win32
		{6533BDAE-0F0C-45E4-8FE7-ADD0F37FE063}.LIB Release - DLL Windows SSPI - DLL WinIDN|x86.Build.0 = Release|Win32
		{6533BDAE-0F0C-45E4-8FE7-ADD0F37FE063}.LIB Release - DLL Windows SSPI|x64.ActiveCfg = Release|x64
		{6533BDAE-0F0C-45E4-8FE7-ADD0F37FE063}.LIB Release - DLL Windows SSPI|x64.Build.0 = Release|x64
		{6533BDAE-0F0C-45E4-8FE7-ADD0F37FE063}.LIB Release - DLL Windows SSPI|x86.ActiveCfg = Release|Win32
		{6533BDAE-0F0C-45E4-8FE7-ADD0F37FE063}.LIB Release - DLL Windows SSPI|x86.Build.0 = Release|Win32
		{6533BDAE-0F0C-45E4-8FE7-ADD0F37FE063}.LIB Release - LIB OpenSSL - LIB LibSSH2|x64.ActiveCfg = Release|x64
		{6533BDAE-0F0C-45E4-8FE7-ADD0F37FE063}.LIB Release - LIB OpenSSL - LIB LibSSH2|x64.Build.0 = Release|x64
		{6533BDAE-0F0C-45E4-8FE7-ADD0F37FE063}.LIB Release - LIB OpenSSL - LIB LibSSH2|x86.ActiveCfg = Release|Win32
		{6533BDAE-0F0C-45E4-8FE7-ADD0F37FE063}.LIB Release - LIB OpenSSL - LIB LibSSH2|x86.Build.0 = Release|Win32
		{6533BDAE-0F0C-45E4-8FE7-ADD0F37FE063}.LIB Release - LIB OpenSSL|x64.ActiveCfg = Release|x64
		{6533BDAE-0F0C-45E4-8FE7-ADD0F37FE063}.LIB Release - LIB OpenSSL|x64.Build.0 = Release|x64
		{6533BDAE-0F0C-45E4-8FE7-ADD0F37FE063}.LIB Release - LIB OpenSSL|x86.ActiveCfg = Release|Win32
		{6533BDAE-0F0C-45E4-8FE7-ADD0F37FE063}.LIB Release - LIB OpenSSL|x86.Build.0 = Release|Win32
		{6533BDAE-0F0C-45E4-8FE7-ADD0F37FE063}.LIB Release - LIB wolfSSL|x64.ActiveCfg = Release|x64
		{6533BDAE-0F0C-45E4-8FE7-ADD0F37FE063}.LIB Release - LIB wolfSSL|x64.Build.0 = Release|x64
		{6533BDAE-0F0C-45E4-8FE7-ADD0F37FE063}.LIB Release - LIB wolfSSL|x86.ActiveCfg = Release|Win32
		{6533BDAE-0F0C-45E4-8FE7-ADD0F37FE063}.LIB Release - LIB wolfSSL|x86.Build.0 = Release|Win32
		{6533BDAE-0F0C-45E4-8FE7-ADD0F37FE063}.LIB Release|x64.ActiveCfg = Release|x64
		{6533BDAE-0F0C-45E4-8FE7-ADD0F37FE063}.LIB Release|x64.Build.0 = Release|x64
		{6533BDAE-0F0C-45E4-8FE7-ADD0F37FE063}.LIB Release|x86.ActiveCfg = Release|Win32
		{6533BDAE-0F0C-45E4-8FE7-ADD0F37FE063}.LIB Release|x86.Build.0 = Release|Win32
		{6533BDAE-0F0C-45E4-8FE7-ADD0F37FE063}.MinSizeRel|x64.ActiveCfg = Release|x64
		{6533BDAE-0F0C-45E4-8FE7-ADD0F37FE063}.MinSizeRel|x64.Build.0 = Release|x64
		{6533BDAE-0F0C-45E4-8FE7-ADD0F37FE063}.MinSizeRel|x86.ActiveCfg = Release|Win32
		{6533BDAE-0F0C-45E4-8FE7-ADD0F37FE063}.MinSizeRel|x86.Build.0 = Release|Win32
		{6533BDAE-0F0C-45E4-8FE7-ADD0F37FE063}.Release|x64.ActiveCfg = Release|x64
		{6533BDAE-0F0C-45E4-8FE7-ADD0F37FE063}.Release|x64.Build.0 = Release|x64
		{6533BDAE-0F0C-45E4-8FE7-ADD0F37FE063}.Release|x86.ActiveCfg = Release|Win32
		{6533BDAE-0F0C-45E4-8FE7-ADD0F37FE063}.Release|x86.Build.0 = Release|Win32
		{6533BDAE-0F0C-45E4-8FE7-ADD0F37FE063}.RelWithDebInfo|x64.ActiveCfg = Release|x64
		{6533BDAE-0F0C-45E4-8FE7-ADD0F37FE063}.RelWithDebInfo|x64.Build.0 = Release|x64
		{6533BDAE-0F0C-45E4-8FE7-ADD0F37FE063}.RelWithDebInfo|x86.ActiveCfg = Release|Win32
		{6533BDAE-0F0C-45E4-8FE7-ADD0F37FE063}.RelWithDebInfo|x86.Build.0 = Release|Win32
		{6533BDAE-0F0C-45E4-8FE7-ADD0F37FE063}.withLua50_Debug|x64.ActiveCfg = Debug|x64
		{6533BDAE-0F0C-45E4-8FE7-ADD0F37FE063}.withLua50_Debug|x64.Build.0 = Debug|x64
		{6533BDAE-0F0C-45E4-8FE7-ADD0F37FE063}.withLua50_Debug|x86.ActiveCfg = Debug|Win32
		{6533BDAE-0F0C-45E4-8FE7-ADD0F37FE063}.withLua50_Debug|x86.Build.0 = Debug|Win32
		{6533BDAE-0F0C-45E4-8FE7-ADD0F37FE063}.withLua50_Release|x64.ActiveCfg = Release|x64
		{6533BDAE-0F0C-45E4-8FE7-ADD0F37FE063}.withLua50_Release|x64.Build.0 = Release|x64
		{6533BDAE-0F0C-45E4-8FE7-ADD0F37FE063}.withLua50_Release|x86.ActiveCfg = Release|Win32
		{6533BDAE-0F0C-45E4-8FE7-ADD0F37FE063}.withLua50_Release|x86.Build.0 = Release|Win32
		{6533BDAE-0F0C-45E4-8FE7-ADD0F37FE063}.withLua51_Debug|x64.ActiveCfg = Debug|x64
		{6533BDAE-0F0C-45E4-8FE7-ADD0F37FE063}.withLua51_Debug|x64.Build.0 = Debug|x64
		{6533BDAE-0F0C-45E4-8FE7-ADD0F37FE063}.withLua51_Debug|x86.ActiveCfg = Debug|Win32
		{6533BDAE-0F0C-45E4-8FE7-ADD0F37FE063}.withLua51_Debug|x86.Build.0 = Debug|Win32
		{6533BDAE-0F0C-45E4-8FE7-ADD0F37FE063}.withLua51_Release|x64.ActiveCfg = Release|x64
		{6533BDAE-0F0C-45E4-8FE7-ADD0F37FE063}.withLua51_Release|x64.Build.0 = Release|x64
		{6533BDAE-0F0C-45E4-8FE7-ADD0F37FE063}.withLua51_Release|x86.ActiveCfg = Release|Win32
		{6533BDAE-0F0C-45E4-8FE7-ADD0F37FE063}.withLua51_Release|x86.Build.0 = Release|Win32
		{556814A4-F01A-4733-9338-C4382FE268F2}.Debug|x64.ActiveCfg = Debug|x64
		{556814A4-F01A-4733-9338-C4382FE268F2}.Debug|x64.Build.0 = Debug|x64
		{556814A4-F01A-4733-9338-C4382FE268F2}.Debug|x86.ActiveCfg = Debug|Win32
		{556814A4-F01A-4733-9338-C4382FE268F2}.Debug|x86.Build.0 = Debug|Win32
		{556814A4-F01A-4733-9338-C4382FE268F2}.DLL Debug - DLL OpenSSL - DLL LibSSH2|x64.ActiveCfg = Debug|x64
		{556814A4-F01A-4733-9338-C4382FE268F2}.DLL Debug - DLL OpenSSL - DLL LibSSH2|x64.Build.0 = Debug|x64
		{556814A4-F01A-4733-9338-C4382FE268F2}.DLL Debug - DLL OpenSSL - DLL LibSSH2|x86.ActiveCfg = Debug|Win32
		{556814A4-F01A-4733-9338-C4382FE268F2}.DLL Debug - DLL OpenSSL - DLL LibSSH2|x86.Build.0 = Debug|Win32
		{556814A4-F01A-4733-9338-C4382FE268F2}.DLL Debug - DLL OpenSSL|x64.ActiveCfg = Debug|x64
		{556814A4-F01A-4733-9338-C4382FE268F2}.DLL Debug - DLL OpenSSL|x64.Build.0 = Debug|x64
		{556814A4-F01A-4733-9338-C4382FE268F2}.DLL Debug - DLL OpenSSL|x86.ActiveCfg = Debug|Win32
		{556814A4-F01A-4733-9338-C4382FE268F2}.DLL Debug - DLL OpenSSL|x86.Build.0 = Debug|Win32
		{556814A4-F01A-4733-9338-C4382FE268F2}.DLL Debug - DLL Windows SSPI - DLL WinIDN|x64.ActiveCfg = Debug|x64
		{556814A4-F01A-4733-9338-C4382FE268F2}.DLL Debug - DLL Windows SSPI - DLL WinIDN|x64.Build.0 = Debug|x64
		{556814A4-F01A-4733-9338-C4382FE268F2}.DLL Debug - DLL Windows SSPI - DLL WinIDN|x86.ActiveCfg = Debug|Win32
		{556814A4-F01A-4733-9338-C4382FE268F2}.DLL Debug - DLL Windows SSPI - DLL WinIDN|x86.Build.0 = Debug|Win32
		{556814A4-F01A-4733-9338-C4382FE268F2}.DLL Debug - DLL Windows SSPI|x64.ActiveCfg = Debug|x64
		{556814A4-F01A-4733-9338-C4382FE268F2}.DLL Debug - DLL Windows SSPI|x64.Build.0 = Debug|x64
		{556814A4-F01A-4733-9338-C4382FE268F2}.DLL Debug - DLL Windows SSPI|x86.ActiveCfg = Debug|Win32
		{556814A4-F01A-4733-9338-C4382FE268F2}.DLL Debug - DLL Windows SSPI|x86.Build.0 = Debug|Win32
		{556814A4-F01A-4733-9338-C4382FE268F2}.DLL Debug - DLL wolfSSL|x64.ActiveCfg = Debug|x64
		{556814A4-F01A-4733-9338-C4382FE268F2}.DLL Debug - DLL wolfSSL|x64.Build.0 = Debug|x64
		{556814A4-F01A-4733-9338-C4382FE268F2}.DLL Debug - DLL wolfSSL|x86.ActiveCfg = Debug|Win32
		{556814A4-F01A-4733-9338-C4382FE268F2}.DLL Debug - DLL wolfSSL|x86.Build.0 = Debug|Win32
		{556814A4-F01A-4733-9338-C4382FE268F2}.DLL Debug|x64.ActiveCfg = Debug|x64
		{556814A4-F01A-4733-9338-C4382FE268F2}.DLL Debug|x64.Build.0 = Debug|x64
		{556814A4-F01A-4733-9338-C4382FE268F2}.DLL Debug|x86.ActiveCfg = Debug|Win32
		{556814A4-F01A-4733-9338-C4382FE268F2}.DLL Debug|x86.Build.0 = Debug|Win32
		{556814A4-F01A-4733-9338-C4382FE268F2}.DLL Release - DLL OpenSSL - DLL LibSSH2|x64.ActiveCfg = Release|x64
		{556814A4-F01A-4733-9338-C4382FE268F2}.DLL Release - DLL OpenSSL - DLL LibSSH2|x64.Build.0 = Release|x64
		{556814A4-F01A-4733-9338-C4382FE268F2}.DLL Release - DLL OpenSSL - DLL LibSSH2|x86.ActiveCfg = Release|Win32
		{556814A4-F01A-4733-9338-C4382FE268F2}.DLL Release - DLL OpenSSL - DLL LibSSH2|x86.Build.0 = Release|Win32
		{556814A4-F01A-4733-9338-C4382FE268F2}.DLL Release - DLL OpenSSL|x64.ActiveCfg = Release|x64
		{556814A4-F01A-4733-9338-C4382FE268F2}.DLL Release - DLL OpenSSL|x64.Build.0 = Release|x64
		{556814A4-F01A-4733-9338-C4382FE268F2}.DLL Release - DLL OpenSSL|x86.ActiveCfg = Release|Win32
		{556814A4-F01A-4733-9338-C4382FE268F2}.DLL Release - DLL OpenSSL|x86.Build.0 = Release|Win32
		{556814A4-F01A-4733-9338-C4382FE268F2}.DLL Release - DLL Windows SSPI - DLL WinIDN|x64.ActiveCfg = Release|x64
		{556814A4-F01A-4733-9338-C4382FE268F2}.DLL Release - DLL Windows SSPI - DLL WinIDN|x64.Build.0 = Release|x64
		{556814A4-F01A-4733-9338-C4382FE268F2}.DLL Release - DLL Windows SSPI - DLL WinIDN|x86.ActiveCfg = Release|Win32
		{556814A4-F01A-4733-9338-C4382FE268F2}.DLL Release - DLL Windows SSPI - DLL WinIDN|x86.Build.0 = Release|Win32
		{556814A4-F01A-4733-9338-C4382FE268F2}.DLL Release - DLL Windows SSPI|x64.ActiveCfg = Release|x64
		{556814A4-F01A-4733-9338-C4382FE268F2}.DLL Release - DLL Windows SSPI|x64.Build.0 = Release|x64
		{556814A4-F01A-4733-9338-C4382FE268F2}.DLL Release - DLL Windows SSPI|x86.ActiveCfg = Release|Win32
		{556814A4-F01A-4733-9338-C4382FE268F2}.DLL Release - DLL Windows SSPI|x86.Build.0 = Release|Win32
		{556814A4-F01A-4733-9338-C4382FE268F2}.DLL Release - DLL wolfSSL|x64.ActiveCfg = Release|x64
		{556814A4-F01A-4733-9338-C4382FE268F2}.DLL Release - DLL wolfSSL|x64.Build.0 = Release|x64
		{556814A4-F01A-4733-9338-C4382FE268F2}.DLL Release - DLL wolfSSL|x86.ActiveCfg = Release|Win32
		{556814A4-F01A-4733-9338-C4382FE268F2}.DLL Release - DLL wolfSSL|x86.Build.0 = Release|Win32
		{556814A4-F01A-4733-9338-C4382FE268F2}.DLL Release|x64.ActiveCfg = Release|x64
		{556814A4-F01A-4733-9338-C4382FE268F2}.DLL Release|x64.Build.0 = Release|x64
		{556814A4-F01A-4733-9338-C4382FE268F2}.DLL Release|x86.ActiveCfg = Release|Win32
		{556814A4-F01A-4733-9338-C4382FE268F2}.DLL Release|x86.Build.0 = Release|Win32
		{556814A4-F01A-4733-9338-C4382FE268F2}.LIB Debug - DLL OpenSSL - DLL LibSSH2|x64.ActiveCfg = Debug|x64
		{556814A4-F01A-4733-9338-C4382FE268F2}.LIB Debug - DLL OpenSSL - DLL LibSSH2|x64.Build.0 = Debug|x64
		{556814A4-F01A-4733-9338-C4382FE268F2}.LIB Debug - DLL OpenSSL - DLL LibSSH2|x86.ActiveCfg = Debug|Win32
		{556814A4-F01A-4733-9338-C4382FE268F2}.LIB Debug - DLL OpenSSL - DLL LibSSH2|x86.Build.0 = Debug|Win32
		{556814A4-F01A-4733-9338-C4382FE268F2}.LIB Debug - DLL OpenSSL|x64.ActiveCfg = Debug|x64
		{556814A4-F01A-4733-9338-C4382FE268F2}.LIB Debug - DLL OpenSSL|x64.Build.0 = Debug|x64
		{556814A4-F01A-4733-9338-C4382FE268F2}.LIB Debug - DLL OpenSSL|x86.ActiveCfg = Debug|Win32
		{556814A4-F01A-4733-9338-C4382FE268F2}.LIB Debug - DLL OpenSSL|x86.Build.0 = Debug|Win32
		{556814A4-F01A-4733-9338-C4382FE268F2}.LIB Debug - DLL Windows SSPI - DLL WinIDN|x64.ActiveCfg = Debug|x64
		{556814A4-F01A-4733-9338-C4382FE268F2}.LIB Debug - DLL Windows SSPI - DLL WinIDN|x64.Build.0 = Debug|x64
		{556814A4-F01A-4733-9338-C4382FE268F2}.LIB Debug - DLL Windows SSPI - DLL WinIDN|x86.ActiveCfg = Debug|Win32
		{556814A4-F01A-4733-9338-C4382FE268F2}.LIB Debug - DLL Windows SSPI - DLL WinIDN|x86.Build.0 = Debug|Win32
		{556814A4-F01A-4733-9338-C4382FE268F2}.LIB Debug - DLL Windows SSPI|x64.ActiveCfg = Debug|x64
		{556814A4-F01A-4733-9338-C4382FE268F2}.LIB Debug - DLL Windows SSPI|x64.Build.0 = Debug|x64
		{556814A4-F01A-4733-9338-C4382FE268F2}.LIB Debug - DLL Windows SSPI|x86.ActiveCfg = Debug|Win32
		{556814A4-F01A-4733-9338-C4382FE268F2}.LIB Debug - DLL Windows SSPI|x86.Build.0 = Debug|Win32
		{556814A4-F01A-4733-9338-C4382FE268F2}.LIB Debug - LIB OpenSSL - LIB LibSSH2|x64.ActiveCfg = Debug|x64
		{556814A4-F01A-4733-9338-C4382FE268F2}.LIB Debug - LIB OpenSSL - LIB LibSSH2|x64.Build.0 = Debug|x64
		{556814A4-F01A-4733-9338-C4382FE268F2}.LIB Debug - LIB OpenSSL - LIB LibSSH2|x86.ActiveCfg = Debug|Win32
		{556814A4-F01A-4733-9338-C4382FE268F2}.LIB Debug - LIB OpenSSL - LIB LibSSH2|x86.Build.0 = Debug|Win32
		{556814A4-F01A-4733-9338-C4382FE268F2}.LIB Debug - LIB OpenSSL|x64.ActiveCfg = Debug|x64
		{556814A4-F01A-4733-9338-C4382FE268F2}.LIB Debug - LIB OpenSSL|x64.Build.0 = Debug|x64
		{556814A4-F01A-4733-9338-C4382FE268F2}.LIB Debug - LIB OpenSSL|x86.ActiveCfg = Debug|Win32
		{556814A4-F01A-4733-9338-C4382FE268F2}.LIB Debug - LIB OpenSSL|x86.Build.0 = Debug|Win32
		{556814A4-F01A-4733-9338-C4382FE268F2}.LIB Debug - LIB wolfSSL|x64.ActiveCfg = Debug|x64
		{556814A4-F01A-4733-9338-C4382FE268F2}.LIB Debug - LIB wolfSSL|x64.Build.0 = Debug|x64
		{556814A4-F01A-4733-9338-C4382FE268F2}.LIB Debug - LIB wolfSSL|x86.ActiveCfg = Debug|Win32
		{556814A4-F01A-4733-9338-C4382FE268F2}.LIB Debug - LIB wolfSSL|x86.Build.0 = Debug|Win32
		{556814A4-F01A-4733-9338-C4382FE268F2}.LIB Debug|x64.ActiveCfg = Debug|x64
		{556814A4-F01A-4733-9338-C4382FE268F2}.LIB Debug|x64.Build.0 = Debug|x64
		{556814A4-F01A-4733-9338-C4382FE268F2}.LIB Debug|x86.ActiveCfg = Debug|Win32
		{556814A4-F01A-4733-9338-C4382FE268F2}.LIB Debug|x86.Build.0 = Debug|Win32
		{556814A4-F01A-4733-9338-C4382FE268F2}.LIB Release - DLL OpenSSL - DLL LibSSH2|x64.ActiveCfg = Release|x64
		{556814A4-F01A-4733-9338-C4382FE268F2}.LIB Release - DLL OpenSSL - DLL LibSSH2|x64.Build.0 = Release|x64
		{556814A4-F01A-4733-9338-C4382FE268F2}.LIB Release - DLL OpenSSL - DLL LibSSH2|x86.ActiveCfg = Release|Win32
		{556814A4-F01A-4733-9338-C4382FE268F2}.LIB Release - DLL OpenSSL - DLL LibSSH2|x86.Build.0 = Release|Win32
		{556814A4-F01A-4733-9338-C4382FE268F2}.LIB Release - DLL OpenSSL|x64.ActiveCfg = Release|x64
		{556814A4-F01A-4733-9338-C4382FE268F2}.LIB Release - DLL OpenSSL|x64.Build.0 = Release|x64
		{556814A4-F01A-4733-9338-C4382FE268F2}.LIB Release - DLL OpenSSL|x86.ActiveCfg = Release|Win32
		{556814A4-F01A-4733-9338-C4382FE268F2}.LIB Release - DLL OpenSSL|x86.Build.0 = Release|Win32
		{556814A4-F01A-4733-9338-C4382FE268F2}.LIB Release - DLL Windows SSPI - DLL WinIDN|x64.ActiveCfg = Release|x64
		{556814A4-F01A-4733-9338-C4382FE268F2}.LIB Release - DLL Windows SSPI - DLL WinIDN|x64.Build.0 = Release|x64
		{556814A4-F01A-4733-9338-C4382FE268F2}.LIB Release - DLL Windows SSPI - DLL WinIDN|x86.ActiveCfg = Release|Win32
		{556814A4-F01A-4733-9338-C4382FE268F2}.LIB Release - DLL Windows SSPI - DLL WinIDN|x86.Build.0 = Release|Win32
		{556814A4-F01A-4733-9338-C4382FE268F2}.LIB Release - DLL Windows SSPI|x64.ActiveCfg = Release|x64
		{556814A4-F01A-4733-9338-C4382FE268F2}.LIB Release - DLL Windows SSPI|x64.Build.0 = Release|x64
		{556814A4-F01A-4733-9338-C4382FE268F2}.LIB Release - DLL Windows SSPI|x86.ActiveCfg = Release|Win32
		{556814A4-F01A-4733-9338-C4382FE268F2}.LIB Release - DLL Windows SSPI|x86.Build.0 = Release|Win32
		{556814A4-F01A-4733-9338-C4382FE268F2}.LIB Release - LIB OpenSSL - LIB LibSSH2|x64.ActiveCfg = Release|x64
		{556814A4-F01A-4733-9338-C4382FE268F2}.LIB Release - LIB OpenSSL - LIB LibSSH2|x64.Build.0 = Release|x64
		{556814A4-F01A-4733-9338-C4382FE268F2}.LIB Release - LIB OpenSSL - LIB LibSSH2|x86.ActiveCfg = Release|Win32
		{556814A4-F01A-4733-9338-C4382FE268F2}.LIB Release - LIB OpenSSL - LIB LibSSH2|x86.Build.0 = Release|Win32
		{556814A4-F01A-4733-9338-C4382FE268F2}.LIB Release - LIB OpenSSL|x64.ActiveCfg = Release|x64
		{556814A4-F01A-4733-9338-C4382FE268F2}.LIB Release - LIB OpenSSL|x64.Build.0 = Release|x64
		{556814A4-F01A-4733-9338-C4382FE268F2}.LIB Release - LIB OpenSSL|x86.ActiveCfg = Release|Win32
		{556814A4-F01A-4733-9338-C4382FE268F2}.LIB Release - LIB OpenSSL|x86.Build.0 = Release|Win32
		{556814A4-F01A-4733-9338-C4382FE268F2}.LIB Release - LIB wolfSSL|x64.ActiveCfg = Release|x64
		{556814A4-F01A-4733-9338-C4382FE268F2}.LIB Release - LIB wolfSSL|x64.Build.0 = Release|x64
		{556814A4-F01A-4733-9338-C4382FE268F2}.LIB Release - LIB wolfSSL|x86.ActiveCfg = Release|Win32
		{556814A4-F01A-4733-9338-C4382FE268F2}.LIB Release - LIB wolfSSL|x86.Build.0 = Release|Win32
		{556814A4-F01A-4733-9338-C4382FE268F2}.LIB Release|x64.ActiveCfg = Release|x64
		{556814A4-F01A-4733-9338-C4382FE268F2}.LIB Release|x64.Build.0 = Release|x64
		{556814A4-F01A-4733-9338-C4382FE268F2}.LIB Release|x86.ActiveCfg = Release|Win32
		{556814A4-F01A-4733-9338-C4382FE268F2}.LIB Release|x86.Build.0 = Release|Win32
		{556814A4-F01A-4733-9338-C4382FE268F2}.MinSizeRel|x64.ActiveCfg = Release|x64
		{556814A4-F01A-4733-9338-C4382FE268F2}.MinSizeRel|x64.Build.0 = Release|x64
		{556814A4-F01A-4733-9338-C4382FE268F2}.MinSizeRel|x86.ActiveCfg = Release|Win32
		{556814A4-F01A-4733-9338-C4382FE268F2}.MinSizeRel|x86.Build.0 = Release|Win32
		{556814A4-F01A-4733-9338-C4382FE268F2}.Release|x64.ActiveCfg = Release|x64
		{556814A4-F01A-4733-9338-C4382FE268F2}.Release|x64.Build.0 = Release|x64
		{556814A4-F01A-4733-9338-C4382FE268F2}.Release|x86.ActiveCfg = Release|Win32
		{556814A4-F01A-4733-9338-C4382FE268F2}.Release|x86.Build.0 = Release|Win32
		{556814A4-F01A-4733-9338-C4382FE268F2}.RelWithDebInfo|x64.ActiveCfg = Release|x64
		{556814A4-F01A-4733-9338-C4382FE268F2}.RelWithDebInfo|x64.Build.0 = Release|x64
		{556814A4-F01A-4733-9338-C4382FE268F2}.RelWithDebInfo|x86.ActiveCfg = Release|Win32
		{556814A4-F01A-4733-9338-C4382FE268F2}.RelWithDebInfo|x86.Build.0 = Release|Win32
		{556814A4-F01A-4733-9338-C4382FE268F2}.withLua50_Debug|x64.ActiveCfg = Debug|x64
		{556814A4-F01A-4733-9338-C4382FE268F2}.withLua50_Debug|x64.Build.0 = Debug|x64
		{556814A4-F01A-4733-9338-C4382FE268F2}.withLua50_Debug|x86.ActiveCfg = Debug|Win32
		{556814A4-F01A-4733-9338-C4382FE268F2}.withLua50_Debug|x86.Build.0 = Debug|Win32
		{556814A4-F01A-4733-9338-C4382FE268F2}.withLua50_Release|x64.ActiveCfg = Release|x64
		{556814A4-F01A-4733-9338-C4382FE268F2}.withLua50_Release|x64.Build.0 = Release|x64
		{556814A4-F01A-4733-9338-C4382FE268F2}.withLua50_Release|x86.ActiveCfg = Release|Win32
		{556814A4-F01A-4733-9338-C4382FE268F2}.withLua50_Release|x86.Build.0 = Release|Win32
		{556814A4-F01A-4733-9338-C4382FE268F2}.withLua51_Debug|x64.ActiveCfg = Debug|x64
		{556814A4-F01A-4733-9338-C4382FE268F2}.withLua51_Debug|x64.Build.0 = Debug|x64
		{556814A4-F01A-4733-9338-C4382FE268F2}.withLua51_Debug|x86.ActiveCfg = Debug|Win32
		{556814A4-F01A-4733-9338-C4382FE268F2}.withLua51_Debug|x86.Build.0 = Debug|Win32
		{556814A4-F01A-4733-9338-C4382FE268F2}.withLua51_Release|x64.ActiveCfg = Release|x64
		{556814A4-F01A-4733-9338-C4382FE268F2}.withLua51_Release|x64.Build.0 = Release|x64
		{556814A4-F01A-4733-9338-C4382FE268F2}.withLua51_Release|x86.ActiveCfg = Release|Win32
		{556814A4-F01A-4733-9338-C4382FE268F2}.withLua51_Release|x86.Build.0 = Release|Win32
		{B985AC6D-9CCB-4EAB-AE80-0549B118C433}.Debug|x64.ActiveCfg = Debug|x64
		{B985AC6D-9CCB-4EAB-AE80-0549B118C433}.Debug|x64.Build.0 = Debug|x64
		{B985AC6D-9CCB-4EAB-AE80-0549B118C433}.Debug|x86.ActiveCfg = Debug|Win32
		{B985AC6D-9CCB-4EAB-AE80-0549B118C433}.Debug|x86.Build.0 = Debug|Win32
		{B985AC6D-9CCB-4EAB-AE80-0549B118C433}.DLL Debug - DLL OpenSSL - DLL LibSSH2|x64.ActiveCfg = Debug|x64
		{B985AC6D-9CCB-4EAB-AE80-0549B118C433}.DLL Debug - DLL OpenSSL - DLL LibSSH2|x64.Build.0 = Debug|x64
		{B985AC6D-9CCB-4EAB-AE80-0549B118C433}.DLL Debug - DLL OpenSSL - DLL LibSSH2|x86.ActiveCfg = Debug|Win32
		{B985AC6D-9CCB-4EAB-AE80-0549B118C433}.DLL Debug - DLL OpenSSL - DLL LibSSH2|x86.Build.0 = Debug|Win32
		{B985AC6D-9CCB-4EAB-AE80-0549B118C433}.DLL Debug - DLL OpenSSL|x64.ActiveCfg = Debug|x64
		{B985AC6D-9CCB-4EAB-AE80-0549B118C433}.DLL Debug - DLL OpenSSL|x64.Build.0 = Debug|x64
		{B985AC6D-9CCB-4EAB-AE80-0549B118C433}.DLL Debug - DLL OpenSSL|x86.ActiveCfg = Debug|Win32
		{B985AC6D-9CCB-4EAB-AE80-0549B118C433}.DLL Debug - DLL OpenSSL|x86.Build.0 = Debug|Win32
		{B985AC6D-9CCB-4EAB-AE80-0549B118C433}.DLL Debug - DLL Windows SSPI - DLL WinIDN|x64.ActiveCfg = Debug|x64
		{B985AC6D-9CCB-4EAB-AE80-0549B118C433}.DLL Debug - DLL Windows SSPI - DLL WinIDN|x64.Build.0 = Debug|x64
		{B985AC6D-9CCB-4EAB-AE80-0549B118C433}.DLL Debug - DLL Windows SSPI - DLL WinIDN|x86.ActiveCfg = Debug|Win32
		{B985AC6D-9CCB-4EAB-AE80-0549B118C433}.DLL Debug - DLL Windows SSPI - DLL WinIDN|x86.Build.0 = Debug|Win32
		{B985AC6D-9CCB-4EAB-AE80-0549B118C433}.DLL Debug - DLL Windows SSPI|x64.ActiveCfg = Debug|x64
		{B985AC6D-9CCB-4EAB-AE80-0549B118C433}.DLL Debug - DLL Windows SSPI|x64.Build.0 = Debug|x64
		{B985AC6D-9CCB-4EAB-AE80-0549B118C433}.DLL Debug - DLL Windows SSPI|x86.ActiveCfg = Debug|Win32
		{B985AC6D-9CCB-4EAB-AE80-0549B118C433}.DLL Debug - DLL Windows SSPI|x86.Build.0 = Debug|Win32
		{B985AC6D-9CCB-4EAB-AE80-0549B118C433}.DLL Debug - DLL wolfSSL|x64.ActiveCfg = Debug|x64
		{B985AC6D-9CCB-4EAB-AE80-0549B118C433}.DLL Debug - DLL wolfSSL|x64.Build.0 = Debug|x64
		{B985AC6D-9CCB-4EAB-AE80-0549B118C433}.DLL Debug - DLL wolfSSL|x86.ActiveCfg = Debug|Win32
		{B985AC6D-9CCB-4EAB-AE80-0549B118C433}.DLL Debug - DLL wolfSSL|x86.Build.0 = Debug|Win32
		{B985AC6D-9CCB-4EAB-AE80-0549B118C433}.DLL Debug|x64.ActiveCfg = Debug|x64
		{B985AC6D-9CCB-4EAB-AE80-0549B118C433}.DLL Debug|x64.Build.0 = Debug|x64
		{B985AC6D-9CCB-4EAB-AE80-0549B118C433}.DLL Debug|x86.ActiveCfg = Debug|Win32
		{B985AC6D-9CCB-4EAB-AE80-0549B118C433}.DLL Debug|x86.Build.0 = Debug|Win32
		{B985AC6D-9CCB-4EAB-AE80-0549B118C433}.DLL Release - DLL OpenSSL - DLL LibSSH2|x64.ActiveCfg = Release|x64
		{B985AC6D-9CCB-4EAB-AE80-0549B118C433}.DLL Release - DLL OpenSSL - DLL LibSSH2|x64.Build.0 = Release|x64
		{B985AC6D-9CCB-4EAB-AE80-0549B118C433}.DLL Release - DLL OpenSSL - DLL LibSSH2|x86.ActiveCfg = Release|Win32
		{B985AC6D-9CCB-4EAB-AE80-0549B118C433}.DLL Release - DLL OpenSSL - DLL LibSSH2|x86.Build.0 = Release|Win32
		{B985AC6D-9CCB-4EAB-AE80-0549B118C433}.DLL Release - DLL OpenSSL|x64.ActiveCfg = Release|x64
		{B985AC6D-9CCB-4EAB-AE80-0549B118C433}.DLL Release - DLL OpenSSL|x64.Build.0 = Release|x64
		{B985AC6D-9CCB-4EAB-AE80-0549B118C433}.DLL Release - DLL OpenSSL|x86.ActiveCfg = Release|Win32
		{B985AC6D-9CCB-4EAB-AE80-0549B118C433}.DLL Release - DLL OpenSSL|x86.Build.0 = Release|Win32
		{B985AC6D-9CCB-4EAB-AE80-0549B118C433}.DLL Release - DLL Windows SSPI - DLL WinIDN|x64.ActiveCfg = Release|x64
		{B985AC6D-9CCB-4EAB-AE80-0549B118C433}.DLL Release - DLL Windows SSPI - DLL WinIDN|x64.Build.0 = Release|x64
		{B985AC6D-9CCB-4EAB-AE80-0549B118C433}.DLL Release - DLL Windows SSPI - DLL WinIDN|x86.ActiveCfg = Release|Win32
		{B985AC6D-9CCB-4EAB-AE80-0549B118C433}.DLL Release - DLL Windows SSPI - DLL WinIDN|x86.Build.0 = Release|Win32
		{B985AC6D-9CCB-4EAB-AE80-0549B118C433}.DLL Release - DLL Windows SSPI|x64.ActiveCfg = Release|x64
		{B985AC6D-9CCB-4EAB-AE80-0549B118C433}.DLL Release - DLL Windows SSPI|x64.Build.0 = Release|x64
		{B985AC6D-9CCB-4EAB-AE80-0549B118C433}.DLL Release - DLL Windows SSPI|x86.ActiveCfg = Release|Win32
		{B985AC6D-9CCB-4EAB-AE80-0549B118C433}.DLL Release - DLL Windows SSPI|x86.Build.0 = Release|Win32
		{B985AC6D-9CCB-4EAB-AE80-0549B118C433}.DLL Release - DLL wolfSSL|x64.ActiveCfg = Release|x64
		{B985AC6D-9CCB-4EAB-AE80-0549B118C433}.DLL Release - DLL wolfSSL|x64.Build.0 = Release|x64
		{B985AC6D-9CCB-4EAB-AE80-0549B118C433}.DLL Release - DLL wolfSSL|x86.ActiveCfg = Release|Win32
		{B985AC6D-9CCB-4EAB-AE80-0549B118C433}.DLL Release - DLL wolfSSL|x86.Build.0 = Release|Win32
		{B985AC6D-9CCB-4EAB-AE80-0549B118C433}.DLL Release|x64.ActiveCfg = Release|x64
		{B985AC6D-9CCB-4EAB-AE80-0549B118C433}.DLL Release|x64.Build.0 = Release|x64
		{B985AC6D-9CCB-4EAB-AE80-0549B118C433}.DLL Release|x86.ActiveCfg = Release|Win32
		{B985AC6D-9CCB-4EAB-AE80-0549B118C433}.DLL Release|x86.Build.0 = Release|Win32
		{B985AC6D-9CCB-4EAB-AE80-0549B118C433}.LIB Debug - DLL OpenSSL - DLL LibSSH2|x64.ActiveCfg = Debug|x64
		{B985AC6D-9CCB-4EAB-AE80-0549B118C433}.LIB Debug - DLL OpenSSL - DLL LibSSH2|x64.Build.0 = Debug|x64
		{B985AC6D-9CCB-4EAB-AE80-0549B118C433}.LIB Debug - DLL OpenSSL - DLL LibSSH2|x86.ActiveCfg = Debug|Win32
		{B985AC6D-9CCB-4EAB-AE80-0549B118C433}.LIB Debug - DLL OpenSSL - DLL LibSSH2|x86.Build.0 = Debug|Win32
		{B985AC6D-9CCB-4EAB-AE80-0549B118C433}.LIB Debug - DLL OpenSSL|x64.ActiveCfg = Debug|x64
		{B985AC6D-9CCB-4EAB-AE80-0549B118C433}.LIB Debug - DLL OpenSSL|x64.Build.0 = Debug|x64
		{B985AC6D-9CCB-4EAB-AE80-0549B118C433}.LIB Debug - DLL OpenSSL|x86.ActiveCfg = Debug|Win32
		{B985AC6D-9CCB-4EAB-AE80-0549B118C433}.LIB Debug - DLL OpenSSL|x86.Build.0 = Debug|Win32
		{B985AC6D-9CCB-4EAB-AE80-0549B118C433}.LIB Debug - DLL Windows SSPI - DLL WinIDN|x64.ActiveCfg = Debug|x64
		{B985AC6D-9CCB-4EAB-AE80-0549B118C433}.LIB Debug - DLL Windows SSPI - DLL WinIDN|x64.Build.0 = Debug|x64
		{B985AC6D-9CCB-4EAB-AE80-0549B118C433}.LIB Debug - DLL Windows SSPI - DLL WinIDN|x86.ActiveCfg = Debug|Win32
		{B985AC6D-9CCB-4EAB-AE80-0549B118C433}.LIB Debug - DLL Windows SSPI - DLL WinIDN|x86.Build.0 = Debug|Win32
		{B985AC6D-9CCB-4EAB-AE80-0549B118C433}.LIB Debug - DLL Windows SSPI|x64.ActiveCfg = Debug|x64
		{B985AC6D-9CCB-4EAB-AE80-0549B118C433}.LIB Debug - DLL Windows SSPI|x64.Build.0 = Debug|x64
		{B985AC6D-9CCB-4EAB-AE80-0549B118C433}.LIB Debug - DLL Windows SSPI|x86.ActiveCfg = Debug|Win32
		{B985AC6D-9CCB-4EAB-AE80-0549B118C433}.LIB Debug - DLL Windows SSPI|x86.Build.0 = Debug|Win32
		{B985AC6D-9CCB-4EAB-AE80-0549B118C433}.LIB Debug - LIB OpenSSL - LIB LibSSH2|x64.ActiveCfg = Debug|x64
		{B985AC6D-9CCB-4EAB-AE80-0549B118C433}.LIB Debug - LIB OpenSSL - LIB LibSSH2|x64.Build.0 = Debug|x64
		{B985AC6D-9CCB-4EAB-AE80-0549B118C433}.LIB Debug - LIB OpenSSL - LIB LibSSH2|x86.ActiveCfg = Debug|Win32
		{B985AC6D-9CCB-4EAB-AE80-0549B118C433}.LIB Debug - LIB OpenSSL - LIB LibSSH2|x86.Build.0 = Debug|Win32
		{B985AC6D-9CCB-4EAB-AE80-0549B118C433}.LIB Debug - LIB OpenSSL|x64.ActiveCfg = Debug|x64
		{B985AC6D-9CCB-4EAB-AE80-0549B118C433}.LIB Debug - LIB OpenSSL|x64.Build.0 = Debug|x64
		{B985AC6D-9CCB-4EAB-AE80-0549B118C433}.LIB Debug - LIB OpenSSL|x86.ActiveCfg = Debug|Win32
		{B985AC6D-9CCB-4EAB-AE80-0549B118C433}.LIB Debug - LIB OpenSSL|x86.Build.0 = Debug|Win32
		{B985AC6D-9CCB-4EAB-AE80-0549B118C433}.LIB Debug - LIB wolfSSL|x64.ActiveCfg = Debug|x64
		{B985AC6D-9CCB-4EAB-AE80-0549B118C433}.LIB Debug - LIB wolfSSL|x64.Build.0 = Debug|x64
		{B985AC6D-9CCB-4EAB-AE80-0549B118C433}.LIB Debug - LIB wolfSSL|x86.ActiveCfg = Debug|Win32
		{B985AC6D-9CCB-4EAB-AE80-0549B118C433}.LIB Debug - LIB wolfSSL|x86.Build.0 = Debug|Win32
		{B985AC6D-9CCB-4EAB-AE80-0549B118C433}.LIB Debug|x64.ActiveCfg = Debug|x64
		{B985AC6D-9CCB-4EAB-AE80-0549B118C433}.LIB Debug|x64.Build.0 = Debug|x64
		{B985AC6D-9CCB-4EAB-AE80-0549B118C433}.LIB Debug|x86.ActiveCfg = Debug|Win32
		{B985AC6D-9CCB-4EAB-AE80-0549B118C433}.LIB Debug|x86.Build.0 = Debug|Win32
		{B985AC6D-9CCB-4EAB-AE80-0549B118C433}.LIB Release - DLL OpenSSL - DLL LibSSH2|x64.ActiveCfg = Release|x64
		{B985AC6D-9CCB-4EAB-AE80-0549B118C433}.LIB Release - DLL OpenSSL - DLL LibSSH2|x64.Build.0 = Release|x64
		{B985AC6D-9CCB-4EAB-AE80-0549B118C433}.LIB Release - DLL OpenSSL - DLL LibSSH2|x86.ActiveCfg = Release|Win32
		{B985AC6D-9CCB-4EAB-AE80-0549B118C433}.LIB Release - DLL OpenSSL - DLL LibSSH2|x86.Build.0 = Release|Win32
		{B985AC6D-9CCB-4EAB-AE80-0549B118C433}.LIB Release - DLL OpenSSL|x64.ActiveCfg = Release|x64
		{B985AC6D-9CCB-4EAB-AE80-0549B118C433}.LIB Release - DLL OpenSSL|x64.Build.0 = Release|x64
		{B985AC6D-9CCB-4EAB-AE80-0549B118C433}.LIB Release - DLL OpenSSL|x86.ActiveCfg = Release|Win32
		{B985AC6D-9CCB-4EAB-AE80-0549B118C433}.LIB Release - DLL OpenSSL|x86.Build.0 = Release|Win32
		{B985AC6D-9CCB-4EAB-AE80-0549B118C433}.LIB Release - DLL Windows SSPI - DLL WinIDN|x64.ActiveCfg = Release|x64
		{B985AC6D-9CCB-4EAB-AE80-0549B118C433}.LIB Release - DLL Windows SSPI - DLL WinIDN|x64.Build.0 = Release|x64
		{B985AC6D-9CCB-4EAB-AE80-0549B118C433}.LIB Release - DLL Windows SSPI - DLL WinIDN|x86.ActiveCfg = Release|Win32
		{B985AC6D-9CCB-4EAB-AE80-0549B118C433}.LIB Release - DLL Windows SSPI - DLL WinIDN|x86.Build.0 = Release|Win32
		{B985AC6D-9CCB-4EAB-AE80-0549B118C433}.LIB Release - DLL Windows SSPI|x64.ActiveCfg = Release|x64
		{B985AC6D-9CCB-4EAB-AE80-0549B118C433}.LIB Release - DLL Windows SSPI|x64.Build.0 = Release|x64
		{B985AC6D-9CCB-4EAB-AE80-0549B118C433}.LIB Release - DLL Windows SSPI|x86.ActiveCfg = Release|Win32
		{B985AC6D-9CCB-4EAB-AE80-0549B118C433}.LIB Release - DLL Windows SSPI|x86.Build.0 = Release|Win32
		{B985AC6D-9CCB-4EAB-AE80-0549B118C433}.LIB Release - LIB OpenSSL - LIB LibSSH2|x64.ActiveCfg = Release|x64
		{B985AC6D-9CCB-4EAB-AE80-0549B118C433}.LIB Release - LIB OpenSSL - LIB LibSSH2|x64.Build.0 = Release|x64
		{B985AC6D-9CCB-4EAB-AE80-0549B118C433}.LIB Release - LIB OpenSSL - LIB LibSSH2|x86.ActiveCfg = Release|Win32
		{B985AC6D-9CCB-4EAB-AE80-0549B118C433}.LIB Release - LIB OpenSSL - LIB LibSSH2|x86.Build.0 = Release|Win32
		{B985AC6D-9CCB-4EAB-AE80-0549B118C433}.LIB Release - LIB OpenSSL|x64.ActiveCfg = Release|x64
		{B985AC6D-9CCB-4EAB-AE80-0549B118C433}.LIB Release - LIB OpenSSL|x64.Build.0 = Release|x64
		{B985AC6D-9CCB-4EAB-AE80-0549B118C433}.LIB Release - LIB OpenSSL|x86.ActiveCfg = Release|Win32
		{B985AC6D-9CCB-4EAB-AE80-0549B118C433}.LIB Release - LIB OpenSSL|x86.Build.0 = Release|Win32
		{B985AC6D-9CCB-4EAB-AE80-0549B118C433}.LIB Release - LIB wolfSSL|x64.ActiveCfg = Release|x64
		{B985AC6D-9CCB-4EAB-AE80-0549B118C433}.LIB Release - LIB wolfSSL|x64.Build.0 = Release|x64
		{B985AC6D-9CCB-4EAB-AE80-0549B118C433}.LIB Release - LIB wolfSSL|x86.ActiveCfg = Release|Win32
		{B985AC6D-9CCB-4EAB-AE80-0549B118C433}.LIB Release - LIB wolfSSL|x86.Build.0 = Release|Win32
		{B985AC6D-9CCB-4EAB-AE80-0549B118C433}.LIB Release|x64.ActiveCfg = Release|x64
		{B985AC6D-9CCB-4EAB-AE80-0549B118C433}.LIB Release|x64.Build.0 = Release|x64
		{B985AC6D-9CCB-4EAB-AE80-0549B118C433}.LIB Release|x86.ActiveCfg = Release|Win32
		{B985AC6D-9CCB-4EAB-AE80-0549B118C433}.LIB Release|x86.Build.0 = Release|Win32
		{B985AC6D-9CCB-4EAB-AE80-0549B118C433}.MinSizeRel|x64.ActiveCfg = Release|x64
		{B985AC6D-9CCB-4EAB-AE80-0549B118C433}.MinSizeRel|x64.Build.0 = Release|x64
		{B985AC6D-9CCB-4EAB-AE80-0549B118C433}.MinSizeRel|x86.ActiveCfg = Release|Win32
		{B985AC6D-9CCB-4EAB-AE80-0549B118C433}.MinSizeRel|x86.Build.0 = Release|Win32
		{B985AC6D-9CCB-4EAB-AE80-0549B118C433}.Release|x64.ActiveCfg = Release|x64
		{B985AC6D-9CCB-4EAB-AE80-0549B118C433}.Release|x64.Build.0 = Release|x64
		{B985AC6D-9CCB-4EAB-AE80-0549B118C433}.Release|x86.ActiveCfg = Release|Win32
		{B985AC6D-9CCB-4EAB-AE80-0549B118C433}.Release|x86.Build.0 = Release|Win32
		{B985AC6D-9CCB-4EAB-AE80-0549B118C433}.RelWithDebInfo|x64.ActiveCfg = Release|x64
		{B985AC6D-9CCB-4EAB-AE80-0549B118C433}.RelWithDebInfo|x64.Build.0 = Release|x64
		{B985AC6D-9CCB-4EAB-AE80-0549B118C433}.RelWithDebInfo|x86.ActiveCfg = Release|Win32
		{B985AC6D-9CCB-4EAB-AE80-0549B118C433}.RelWithDebInfo|x86.Build.0 = Release|Win32
		{B985AC6D-9CCB-4EAB-AE80-0549B118C433}.withLua50_Debug|x64.ActiveCfg = Debug|x64
		{B985AC6D-9CCB-4EAB-AE80-0549B118C433}.withLua50_Debug|x64.Build.0 = Debug|x64
		{B985AC6D-9CCB-4EAB-AE80-0549B118C433}.withLua50_Debug|x86.ActiveCfg = Debug|Win32
		{B985AC6D-9CCB-4EAB-AE80-0549B118C433}.withLua50_Debug|x86.Build.0 = Debug|Win32
		{B985AC6D-9CCB-4EAB-AE80-0549B118C433}.withLua50_Release|x64.ActiveCfg = Release|x64
		{B985AC6D-9CCB-4EAB-AE80-0549B118C433}.withLua50_Release|x64.Build.0 = Release|x64
		{B985AC6D-9CCB-4EAB-AE80-0549B118C433}.withLua50_Release|x86.ActiveCfg = Release|Win32
		{B985AC6D-9CCB-4EAB-AE80-0549B118C433}.withLua50_Release|x86.Build.0 = Release|Win32
		{B985AC6D-9CCB-4EAB-AE80-0549B118C433}.withLua51_Debug|x64.ActiveCfg = Debug|x64
		{B985AC6D-9CCB-4EAB-AE80-0549B118C433}.withLua51_Debug|x64.Build.0 = Debug|x64
		{B985AC6D-9CCB-4EAB-AE80-0549B118C433}.withLua51_Debug|x86.ActiveCfg = Debug|Win32
		{B985AC6D-9CCB-4EAB-AE80-0549B118C433}.withLua51_Debug|x86.Build.0 = Debug|Win32
		{B985AC6D-9CCB-4EAB-AE80-0549B118C433}.withLua51_Release|x64.ActiveCfg = Release|x64
		{B985AC6D-9CCB-4EAB-AE80-0549B118C433}.withLua51_Release|x64.Build.0 = Release|x64
		{B985AC6D-9CCB-4EAB-AE80-0549B118C433}.withLua51_Release|x86.ActiveCfg = Release|Win32
		{B985AC6D-9CCB-4EAB-AE80-0549B118C433}.withLua51_Release|x86.Build.0 = Release|Win32
		{13E85053-54B3-487B-8DDB-3430B1C1B3BF}.Debug|x64.ActiveCfg = Debug|x64
		{13E85053-54B3-487B-8DDB-3430B1C1B3BF}.Debug|x64.Build.0 = Debug|x64
		{13E85053-54B3-487B-8DDB-3430B1C1B3BF}.Debug|x86.ActiveCfg = Debug|Win32
		{13E85053-54B3-487B-8DDB-3430B1C1B3BF}.Debug|x86.Build.0 = Debug|Win32
		{13E85053-54B3-487B-8DDB-3430B1C1B3BF}.DLL Debug - DLL OpenSSL - DLL LibSSH2|x64.ActiveCfg = Debug|x64
		{13E85053-54B3-487B-8DDB-3430B1C1B3BF}.DLL Debug - DLL OpenSSL - DLL LibSSH2|x64.Build.0 = Debug|x64
		{13E85053-54B3-487B-8DDB-3430B1C1B3BF}.DLL Debug - DLL OpenSSL - DLL LibSSH2|x86.ActiveCfg = Debug|Win32
		{13E85053-54B3-487B-8DDB-3430B1C1B3BF}.DLL Debug - DLL OpenSSL - DLL LibSSH2|x86.Build.0 = Debug|Win32
		{13E85053-54B3-487B-8DDB-3430B1C1B3BF}.DLL Debug - DLL OpenSSL|x64.ActiveCfg = Debug|x64
		{13E85053-54B3-487B-8DDB-3430B1C1B3BF}.DLL Debug - DLL OpenSSL|x64.Build.0 = Debug|x64
		{13E85053-54B3-487B-8DDB-3430B1C1B3BF}.DLL Debug - DLL OpenSSL|x86.ActiveCfg = Debug|Win32
		{13E85053-54B3-487B-8DDB-3430B1C1B3BF}.DLL Debug - DLL OpenSSL|x86.Build.0 = Debug|Win32
		{13E85053-54B3-487B-8DDB-3430B1C1B3BF}.DLL Debug - DLL Windows SSPI - DLL WinIDN|x64.ActiveCfg = Debug|x64
		{13E85053-54B3-487B-8DDB-3430B1C1B3BF}.DLL Debug - DLL Windows SSPI - DLL WinIDN|x64.Build.0 = Debug|x64
		{13E85053-54B3-487B-8DDB-3430B1C1B3BF}.DLL Debug - DLL Windows SSPI - DLL WinIDN|x86.ActiveCfg = Debug|Win32
		{13E85053-54B3-487B-8DDB-3430B1C1B3BF}.DLL Debug - DLL Windows SSPI - DLL WinIDN|x86.Build.0 = Debug|Win32
		{13E85053-54B3-487B-8DDB-3430B1C1B3BF}.DLL Debug - DLL Windows SSPI|x64.ActiveCfg = Debug|x64
		{13E85053-54B3-487B-8DDB-3430B1C1B3BF}.DLL Debug - DLL Windows SSPI|x64.Build.0 = Debug|x64
		{13E85053-54B3-487B-8DDB-3430B1C1B3BF}.DLL Debug - DLL Windows SSPI|x86.ActiveCfg = Debug|Win32
		{13E85053-54B3-487B-8DDB-3430B1C1B3BF}.DLL Debug - DLL Windows SSPI|x86.Build.0 = Debug|Win32
		{13E85053-54B3-487B-8DDB-3430B1C1B3BF}.DLL Debug - DLL wolfSSL|x64.ActiveCfg = Debug|x64
		{13E85053-54B3-487B-8DDB-3430B1C1B3BF}.DLL Debug - DLL wolfSSL|x64.Build.0 = Debug|x64
		{13E85053-54B3-487B-8DDB-3430B1C1B3BF}.DLL Debug - DLL wolfSSL|x86.ActiveCfg = Debug|Win32
		{13E85053-54B3-487B-8DDB-3430B1C1B3BF}.DLL Debug - DLL wolfSSL|x86.Build.0 = Debug|Win32
		{13E85053-54B3-487B-8DDB-3430B1C1B3BF}.DLL Debug|x64.ActiveCfg = Debug|x64
		{13E85053-54B3-487B-8DDB-3430B1C1B3BF}.DLL Debug|x64.Build.0 = Debug|x64
		{13E85053-54B3-487B-8DDB-3430B1C1B3BF}.DLL Debug|x86.ActiveCfg = Debug|Win32
		{13E85053-54B3-487B-8DDB-3430B1C1B3BF}.DLL Debug|x86.Build.0 = Debug|Win32
		{13E85053-54B3-487B-8DDB-3430B1C1B3BF}.DLL Release - DLL OpenSSL - DLL LibSSH2|x64.ActiveCfg = Release|x64
		{13E85053-54B3-487B-8DDB-3430B1C1B3BF}.DLL Release - DLL OpenSSL - DLL LibSSH2|x64.Build.0 = Release|x64
		{13E85053-54B3-487B-8DDB-3430B1C1B3BF}.DLL Release - DLL OpenSSL - DLL LibSSH2|x86.ActiveCfg = Release|Win32
		{13E85053-54B3-487B-8DDB-3430B1C1B3BF}.DLL Release - DLL OpenSSL - DLL LibSSH2|x86.Build.0 = Release|Win32
		{13E85053-54B3-487B-8DDB-3430B1C1B3BF}.DLL Release - DLL OpenSSL|x64.ActiveCfg = Release|x64
		{13E85053-54B3-487B-8DDB-3430B1C1B3BF}.DLL Release - DLL OpenSSL|x64.Build.0 = Release|x64
		{13E85053-54B3-487B-8DDB-3430B1C1B3BF}.DLL Release - DLL OpenSSL|x86.ActiveCfg = Release|Win32
		{13E85053-54B3-487B-8DDB-3430B1C1B3BF}.DLL Release - DLL OpenSSL|x86.Build.0 = Release|Win32
		{13E85053-54B3-487B-8DDB-3430B1C1B3BF}.DLL Release - DLL Windows SSPI - DLL WinIDN|x64.ActiveCfg = Release|x64
		{13E85053-54B3-487B-8DDB-3430B1C1B3BF}.DLL Release - DLL Windows SSPI - DLL WinIDN|x64.Build.0 = Release|x64
		{13E85053-54B3-487B-8DDB-3430B1C1B3BF}.DLL Release - DLL Windows SSPI - DLL WinIDN|x86.ActiveCfg = Release|Win32
		{13E85053-54B3-487B-8DDB-3430B1C1B3BF}.DLL Release - DLL Windows SSPI - DLL WinIDN|x86.Build.0 = Release|Win32
		{13E85053-54B3-487B-8DDB-3430B1C1B3BF}.DLL Release - DLL Windows SSPI|x64.ActiveCfg = Release|x64
		{13E85053-54B3-487B-8DDB-3430B1C1B3BF}.DLL Release - DLL Windows SSPI|x64.Build.0 = Release|x64
		{13E85053-54B3-487B-8DDB-3430B1C1B3BF}.DLL Release - DLL Windows SSPI|x86.ActiveCfg = Release|Win32
		{13E85053-54B3-487B-8DDB-3430B1C1B3BF}.DLL Release - DLL Windows SSPI|x86.Build.0 = Release|Win32
		{13E85053-54B3-487B-8DDB-3430B1C1B3BF}.DLL Release - DLL wolfSSL|x64.ActiveCfg = Release|x64
		{13E85053-54B3-487B-8DDB-3430B1C1B3BF}.DLL Release - DLL wolfSSL|x64.Build.0 = Release|x64
		{13E85053-54B3-487B-8DDB-3430B1C1B3BF}.DLL Release - DLL wolfSSL|x86.ActiveCfg = Release|Win32
		{13E85053-54B3-487B-8DDB-3430B1C1B3BF}.DLL Release - DLL wolfSSL|x86.Build.0 = Release|Win32
		{13E85053-54B3-487B-8DDB-3430B1C1B3BF}.DLL Release|x64.ActiveCfg = Release|x64
		{13E85053-54B3-487B-8DDB-3430B1C1B3BF}.DLL Release|x64.Build.0 = Release|x64
		{13E85053-54B3-487B-8DDB-3430B1C1B3BF}.DLL Release|x86.ActiveCfg = Release|Win32
		{13E85053-54B3-487B-8DDB-3430B1C1B3BF}.DLL Release|x86.Build.0 = Release|Win32
		{13E85053-54B3-487B-8DDB-3430B1C1B3BF}.LIB Debug - DLL OpenSSL - DLL LibSSH2|x64.ActiveCfg = Debug|x64
		{13E85053-54B3-487B-8DDB-3430B1C1B3BF}.LIB Debug - DLL OpenSSL - DLL LibSSH2|x64.Build.0 = Debug|x64
		{13E85053-54B3-487B-8DDB-3430B1C1B3BF}.LIB Debug - DLL OpenSSL - DLL LibSSH2|x86.ActiveCfg = Debug|Win32
		{13E85053-54B3-487B-8DDB-3430B1C1B3BF}.LIB Debug - DLL OpenSSL - DLL LibSSH2|x86.Build.0 = Debug|Win32
		{13E85053-54B3-487B-8DDB-3430B1C1B3BF}.LIB Debug - DLL OpenSSL|x64.ActiveCfg = Debug|x64
		{13E85053-54B3-487B-8DDB-3430B1C1B3BF}.LIB Debug - DLL OpenSSL|x64.Build.0 = Debug|x64
		{13E85053-54B3-487B-8DDB-3430B1C1B3BF}.LIB Debug - DLL OpenSSL|x86.ActiveCfg = Debug|Win32
		{13E85053-54B3-487B-8DDB-3430B1C1B3BF}.LIB Debug - DLL OpenSSL|x86.Build.0 = Debug|Win32
		{13E85053-54B3-487B-8DDB-3430B1C1B3BF}.LIB Debug - DLL Windows SSPI - DLL WinIDN|x64.ActiveCfg = Debug|x64
		{13E85053-54B3-487B-8DDB-3430B1C1B3BF}.LIB Debug - DLL Windows SSPI - DLL WinIDN|x64.Build.0 = Debug|x64
		{13E85053-54B3-487B-8DDB-3430B1C1B3BF}.LIB Debug - DLL Windows SSPI - DLL WinIDN|x86.ActiveCfg = Debug|Win32
		{13E85053-54B3-487B-8DDB-3430B1C1B3BF}.LIB Debug - DLL Windows SSPI - DLL WinIDN|x86.Build.0 = Debug|Win32
		{13E85053-54B3-487B-8DDB-3430B1C1B3BF}.LIB Debug - DLL Windows SSPI|x64.ActiveCfg = Debug|x64
		{13E85053-54B3-487B-8DDB-3430B1C1B3BF}.LIB Debug - DLL Windows SSPI|x64.Build.0 = Debug|x64
		{13E85053-54B3-487B-8DDB-3430B1C1B3BF}.LIB Debug - DLL Windows SSPI|x86.ActiveCfg = Debug|Win32
		{13E85053-54B3-487B-8DDB-3430B1C1B3BF}.LIB Debug - DLL Windows SSPI|x86.Build.0 = Debug|Win32
		{13E85053-54B3-487B-8DDB-3430B1C1B3BF}.LIB Debug - LIB OpenSSL - LIB LibSSH2|x64.ActiveCfg = Debug|x64
		{13E85053-54B3-487B-8DDB-3430B1C1B3BF}.LIB Debug - LIB OpenSSL - LIB LibSSH2|x64.Build.0 = Debug|x64
		{13E85053-54B3-487B-8DDB-3430B1C1B3BF}.LIB Debug - LIB OpenSSL - LIB LibSSH2|x86.ActiveCfg = Debug|Win32
		{13E85053-54B3-487B-8DDB-3430B1C1B3BF}.LIB Debug - LIB OpenSSL - LIB LibSSH2|x86.Build.0 = Debug|Win32
		{13E85053-54B3-487B-8DDB-3430B1C1B3BF}.LIB Debug - LIB OpenSSL|x64.ActiveCfg = Debug|x64
		{13E85053-54B3-487B-8DDB-3430B1C1B3BF}.LIB Debug - LIB OpenSSL|x64.Build.0 = Debug|x64
		{13E85053-54B3-487B-8DDB-3430B1C1B3BF}.LIB Debug - LIB OpenSSL|x86.ActiveCfg = Debug|Win32
		{13E85053-54B3-487B-8DDB-3430B1C1B3BF}.LIB Debug - LIB OpenSSL|x86.Build.0 = Debug|Win32
		{13E85053-54B3-487B-8DDB-3430B1C1B3BF}.LIB Debug - LIB wolfSSL|x64.ActiveCfg = Debug|x64
		{13E85053-54B3-487B-8DDB-3430B1C1B3BF}.LIB Debug - LIB wolfSSL|x64.Build.0 = Debug|x64
		{13E85053-54B3-487B-8DDB-3430B1C1B3BF}.LIB Debug - LIB wolfSSL|x86.ActiveCfg = Debug|Win32
		{13E85053-54B3-487B-8DDB-3430B1C1B3BF}.LIB Debug - LIB wolfSSL|x86.Build.0 = Debug|Win32
		{13E85053-54B3-487B-8DDB-3430B1C1B3BF}.LIB Debug|x64.ActiveCfg = Debug|x64
		{13E85053-54B3-487B-8DDB-3430B1C1B3BF}.LIB Debug|x64.Build.0 = Debug|x64
		{13E85053-54B3-487B-8DDB-3430B1C1B3BF}.LIB Debug|x86.ActiveCfg = Debug|Win32
		{13E85053-54B3-487B-8DDB-3430B1C1B3BF}.LIB Debug|x86.Build.0 = Debug|Win32
		{13E85053-54B3-487B-8DDB-3430B1C1B3BF}.LIB Release - DLL OpenSSL - DLL LibSSH2|x64.ActiveCfg = Release|x64
		{13E85053-54B3-487B-8DDB-3430B1C1B3BF}.LIB Release - DLL OpenSSL - DLL LibSSH2|x64.Build.0 = Release|x64
		{13E85053-54B3-487B-8DDB-3430B1C1B3BF}.LIB Release - DLL OpenSSL - DLL LibSSH2|x86.ActiveCfg = Release|Win32
		{13E85053-54B3-487B-8DDB-3430B1C1B3BF}.LIB Release - DLL OpenSSL - DLL LibSSH2|x86.Build.0 = Release|Win32
		{13E85053-54B3-487B-8DDB-3430B1C1B3BF}.LIB Release - DLL OpenSSL|x64.ActiveCfg = Release|x64
		{13E85053-54B3-487B-8DDB-3430B1C1B3BF}.LIB Release - DLL OpenSSL|x64.Build.0 = Release|x64
		{13E85053-54B3-487B-8DDB-3430B1C1B3BF}.LIB Release - DLL OpenSSL|x86.ActiveCfg = Release|Win32
		{13E85053-54B3-487B-8DDB-3430B1C1B3BF}.LIB Release - DLL OpenSSL|x86.Build.0 = Release|Win32
		{13E85053-54B3-487B-8DDB-3430B1C1B3BF}.LIB Release - DLL Windows SSPI - DLL WinIDN|x64.ActiveCfg = Release|x64
		{13E85053-54B3-487B-8DDB-3430B1C1B3BF}.LIB Release - DLL Windows SSPI - DLL WinIDN|x64.Build.0 = Release|x64
		{13E85053-54B3-487B-8DDB-3430B1C1B3BF}.LIB Release - DLL Windows SSPI - DLL WinIDN|x86.ActiveCfg = Release|Win32
		{13E85053-54B3-487B-8DDB-3430B1C1B3BF}.LIB Release - DLL Windows SSPI - DLL WinIDN|x86.Build.0 = Release|Win32
		{13E85053-54B3-487B-8DDB-3430B1C1B3BF}.LIB Release - DLL Windows SSPI|x64.ActiveCfg = Release|x64
		{13E85053-54B3-487B-8DDB-3430B1C1B3BF}.LIB Release - DLL Windows SSPI|x64.Build.0 = Release|x64
		{13E85053-54B3-487B-8DDB-3430B1C1B3BF}.LIB Release - DLL Windows SSPI|x86.ActiveCfg = Release|Win32
		{13E85053-54B3-487B-8DDB-3430B1C1B3BF}.LIB Release - DLL Windows SSPI|x86.Build.0 = Release|Win32
		{13E85053-54B3-487B-8DDB-3430B1C1B3BF}.LIB Release - LIB OpenSSL - LIB LibSSH2|x64.ActiveCfg = Release|x64
		{13E85053-54B3-487B-8DDB-3430B1C1B3BF}.LIB Release - LIB OpenSSL - LIB LibSSH2|x64.Build.0 = Release|x64
		{13E85053-54B3-487B-8DDB-3430B1C1B3BF}.LIB Release - LIB OpenSSL - LIB LibSSH2|x86.ActiveCfg = Release|Win32
		{13E85053-54B3-487B-8DDB-3430B1C1B3BF}.LIB Release - LIB OpenSSL - LIB LibSSH2|x86.Build.0 = Release|Win32
		{13E85053-54B3-487B-8DDB-3430B1C1B3BF}.LIB Release - LIB OpenSSL|x64.ActiveCfg = Release|x64
		{13E85053-54B3-487B-8DDB-3430B1C1B3BF}.LIB Release - LIB OpenSSL|x64.Build.0 = Release|x64
		{13E85053-54B3-487B-8DDB-3430B1C1B3BF}.LIB Release - LIB OpenSSL|x86.ActiveCfg = Release|Win32
		{13E85053-54B3-487B-8DDB-3430B1C1B3BF}.LIB Release - LIB OpenSSL|x86.Build.0 = Release|Win32
		{13E85053-54B3-487B-8DDB-3430B1C1B3BF}.LIB Release - LIB wolfSSL|x64.ActiveCfg = Release|x64
		{13E85053-54B3-487B-8DDB-3430B1C1B3BF}.LIB Release - LIB wolfSSL|x64.Build.0 = Release|x64
		{13E85053-54B3-487B-8DDB-3430B1C1B3BF}.LIB Release - LIB wolfSSL|x86.ActiveCfg = Release|Win32
		{13E85053-54B3-487B-8DDB-3430B1C1B3BF}.LIB Release - LIB wolfSSL|x86.Build.0 = Release|Win32
		{13E85053-54B3-487B-8DDB-3430B1C1B3BF}.LIB Release|x64.ActiveCfg = Release|x64
		{13E85053-54B3-487B-8DDB-3430B1C1B3BF}.LIB Release|x64.Build.0 = Release|x64
		{13E85053-54B3-487B-8DDB-3430B1C1B3BF}.LIB Release|x86.ActiveCfg = Release|Win32
		{13E85053-54B3-487B-8DDB-3430B1C1B3BF}.LIB Release|x86.Build.0 = Release|Win32
		{13E85053-54B3-487B-8DDB-3430B1C1B3BF}.MinSizeRel|x64.ActiveCfg = Release|x64
		{13E85053-54B3-487B-8DDB-3430B1C1B3BF}.MinSizeRel|x64.Build.0 = Release|x64
		{13E85053-54B3-487B-8DDB-3430B1C1B3BF}.MinSizeRel|x86.ActiveCfg = Release|Win32
		{13E85053-54B3-487B-8DDB-3430B1C1B3BF}.MinSizeRel|x86.Build.0 = Release|Win32
		{13E85053-54B3-487B-8DDB-3430B1C1B3BF}.Release|x64.ActiveCfg = Release|x64
		{13E85053-54B3-487B-8DDB-3430B1C1B3BF}.Release|x64.Build.0 = Release|x64
		{13E85053-54B3-487B-8DDB-3430B1C1B3BF}.Release|x86.ActiveCfg = Release|Win32
		{13E85053-54B3-487B-8DDB-3430B1C1B3BF}.Release|x86.Build.0 = Release|Win32
		{13E85053-54B3-487B-8DDB-3430B1C1B3BF}.RelWithDebInfo|x64.ActiveCfg = Release|x64
		{13E85053-54B3-487B-8DDB-3430B1C1B3BF}.RelWithDebInfo|x64.Build.0 = Release|x64
		{13E85053-54B3-487B-8DDB-3430B1C1B3BF}.RelWithDebInfo|x86.ActiveCfg = Release|Win32
		{13E85053-54B3-487B-8DDB-3430B1C1B3BF}.RelWithDebInfo|x86.Build.0 = Release|Win32
		{13E85053-54B3-487B-8DDB-3430B1C1B3BF}.withLua50_Debug|x64.ActiveCfg = Debug|x64
		{13E85053-54B3-487B-8DDB-3430B1C1B3BF}.withLua50_Debug|x64.Build.0 = Debug|x64
		{13E85053-54B3-487B-8DDB-3430B1C1B3BF}.withLua50_Debug|x86.ActiveCfg = Debug|Win32
		{13E85053-54B3-487B-8DDB-3430B1C1B3BF}.withLua50_Debug|x86.Build.0 = Debug|Win32
		{13E85053-54B3-487B-8DDB-3430B1C1B3BF}.withLua50_Release|x64.ActiveCfg = Release|x64
		{13E85053-54B3-487B-8DDB-3430B1C1B3BF}.withLua50_Release|x64.Build.0 = Release|x64
		{13E85053-54B3-487B-8DDB-3430B1C1B3BF}.withLua50_Release|x86.ActiveCfg = Release|Win32
		{13E85053-54B3-487B-8DDB-3430B1C1B3BF}.withLua50_Release|x86.Build.0 = Release|Win32
		{13E85053-54B3-487B-8DDB-3430B1C1B3BF}.withLua51_Debug|x64.ActiveCfg = Debug|x64
		{13E85053-54B3-487B-8DDB-3430B1C1B3BF}.withLua51_Debug|x64.Build.0 = Debug|x64
		{13E85053-54B3-487B-8DDB-3430B1C1B3BF}.withLua51_Debug|x86.ActiveCfg = Debug|Win32
		{13E85053-54B3-487B-8DDB-3430B1C1B3BF}.withLua51_Debug|x86.Build.0 = Debug|Win32
		{13E85053-54B3-487B-8DDB-3430B1C1B3BF}.withLua51_Release|x64.ActiveCfg = Release|x64
		{13E85053-54B3-487B-8DDB-3430B1C1B3BF}.withLua51_Release|x64.Build.0 = Release|x64
		{13E85053-54B3-487B-8DDB-3430B1C1B3BF}.withLua51_Release|x86.ActiveCfg = Release|Win32
		{13E85053-54B3-487B-8DDB-3430B1C1B3BF}.withLua51_Release|x86.Build.0 = Release|Win32
		{8C07F811-C81C-432C-B334-1AE6FAECF951}.Debug|x64.ActiveCfg = Debug|x64
		{8C07F811-C81C-432C-B334-1AE6FAECF951}.Debug|x64.Build.0 = Debug|x64
		{8C07F811-C81C-432C-B334-1AE6FAECF951}.Debug|x86.ActiveCfg = Debug|Win32
		{8C07F811-C81C-432C-B334-1AE6FAECF951}.Debug|x86.Build.0 = Debug|Win32
		{8C07F811-C81C-432C-B334-1AE6FAECF951}.DLL Debug - DLL OpenSSL - DLL LibSSH2|x64.ActiveCfg = Debug|x64
		{8C07F811-C81C-432C-B334-1AE6FAECF951}.DLL Debug - DLL OpenSSL - DLL LibSSH2|x64.Build.0 = Debug|x64
		{8C07F811-C81C-432C-B334-1AE6FAECF951}.DLL Debug - DLL OpenSSL - DLL LibSSH2|x86.ActiveCfg = Debug|Win32
		{8C07F811-C81C-432C-B334-1AE6FAECF951}.DLL Debug - DLL OpenSSL - DLL LibSSH2|x86.Build.0 = Debug|Win32
		{8C07F811-C81C-432C-B334-1AE6FAECF951}.DLL Debug - DLL OpenSSL|x64.ActiveCfg = Debug|x64
		{8C07F811-C81C-432C-B334-1AE6FAECF951}.DLL Debug - DLL OpenSSL|x64.Build.0 = Debug|x64
		{8C07F811-C81C-432C-B334-1AE6FAECF951}.DLL Debug - DLL OpenSSL|x86.ActiveCfg = Debug|Win32
		{8C07F811-C81C-432C-B334-1AE6FAECF951}.DLL Debug - DLL OpenSSL|x86.Build.0 = Debug|Win32
		{8C07F811-C81C-432C-B334-1AE6FAECF951}.DLL Debug - DLL Windows SSPI - DLL WinIDN|x64.ActiveCfg = Debug|x64
		{8C07F811-C81C-432C-B334-1AE6FAECF951}.DLL Debug - DLL Windows SSPI - DLL WinIDN|x64.Build.0 = Debug|x64
		{8C07F811-C81C-432C-B334-1AE6FAECF951}.DLL Debug - DLL Windows SSPI - DLL WinIDN|x86.ActiveCfg = Debug|Win32
		{8C07F811-C81C-432C-B334-1AE6FAECF951}.DLL Debug - DLL Windows SSPI - DLL WinIDN|x86.Build.0 = Debug|Win32
		{8C07F811-C81C-432C-B334-1AE6FAECF951}.DLL Debug - DLL Windows SSPI|x64.ActiveCfg = Debug|x64
		{8C07F811-C81C-432C-B334-1AE6FAECF951}.DLL Debug - DLL Windows SSPI|x64.Build.0 = Debug|x64
		{8C07F811-C81C-432C-B334-1AE6FAECF951}.DLL Debug - DLL Windows SSPI|x86.ActiveCfg = Debug|Win32
		{8C07F811-C81C-432C-B334-1AE6FAECF951}.DLL Debug - DLL Windows SSPI|x86.Build.0 = Debug|Win32
		{8C07F811-C81C-432C-B334-1AE6FAECF951}.DLL Debug - DLL wolfSSL|x64.ActiveCfg = Debug|x64
		{8C07F811-C81C-432C-B334-1AE6FAECF951}.DLL Debug - DLL wolfSSL|x64.Build.0 = Debug|x64
		{8C07F811-C81C-432C-B334-1AE6FAECF951}.DLL Debug - DLL wolfSSL|x86.ActiveCfg = Debug|Win32
		{8C07F811-C81C-432C-B334-1AE6FAECF951}.DLL Debug - DLL wolfSSL|x86.Build.0 = Debug|Win32
		{8C07F811-C81C-432C-B334-1AE6FAECF951}.DLL Debug|x64.ActiveCfg = Debug|x64
		{8C07F811-C81C-432C-B334-1AE6FAECF951}.DLL Debug|x64.Build.0 = Debug|x64
		{8C07F811-C81C-432C-B334-1AE6FAECF951}.DLL Debug|x86.ActiveCfg = Debug|Win32
		{8C07F811-C81C-432C-B334-1AE6FAECF951}.DLL Debug|x86.Build.0 = Debug|Win32
		{8C07F811-C81C-432C-B334-1AE6FAECF951}.DLL Release - DLL OpenSSL - DLL LibSSH2|x64.ActiveCfg = Release|x64
		{8C07F811-C81C-432C-B334-1AE6FAECF951}.DLL Release - DLL OpenSSL - DLL LibSSH2|x64.Build.0 = Release|x64
		{8C07F811-C81C-432C-B334-1AE6FAECF951}.DLL Release - DLL OpenSSL - DLL LibSSH2|x86.ActiveCfg = Release|Win32
		{8C07F811-C81C-432C-B334-1AE6FAECF951}.DLL Release - DLL OpenSSL - DLL LibSSH2|x86.Build.0 = Release|Win32
		{8C07F811-C81C-432C-B334-1AE6FAECF951}.DLL Release - DLL OpenSSL|x64.ActiveCfg = Release|x64
		{8C07F811-C81C-432C-B334-1AE6FAECF951}.DLL Release - DLL OpenSSL|x64.Build.0 = Release|x64
		{8C07F811-C81C-432C-B334-1AE6FAECF951}.DLL Release - DLL OpenSSL|x86.ActiveCfg = Release|Win32
		{8C07F811-C81C-432C-B334-1AE6FAECF951}.DLL Release - DLL OpenSSL|x86.Build.0 = Release|Win32
		{8C07F811-C81C-432C-B334-1AE6FAECF951}.DLL Release - DLL Windows SSPI - DLL WinIDN|x64.ActiveCfg = Release|x64
		{8C07F811-C81C-432C-B334-1AE6FAECF951}.DLL Release - DLL Windows SSPI - DLL WinIDN|x64.Build.0 = Release|x64
		{8C07F811-C81C-432C-B334-1AE6FAECF951}.DLL Release - DLL Windows SSPI - DLL WinIDN|x86.ActiveCfg = Release|Win32
		{8C07F811-C81C-432C-B334-1AE6FAECF951}.DLL Release - DLL Windows SSPI - DLL WinIDN|x86.Build.0 = Release|Win32
		{8C07F811-C81C-432C-B334-1AE6FAECF951}.DLL Release - DLL Windows SSPI|x64.ActiveCfg = Release|x64
		{8C07F811-C81C-432C-B334-1AE6FAECF951}.DLL Release - DLL Windows SSPI|x64.Build.0 = Release|x64
		{8C07F811-C81C-432C-B334-1AE6FAECF951}.DLL Release - DLL Windows SSPI|x86.ActiveCfg = Release|Win32
		{8C07F811-C81C-432C-B334-1AE6FAECF951}.DLL Release - DLL Windows SSPI|x86.Build.0 = Release|Win32
		{8C07F811-C81C-432C-B334-1AE6FAECF951}.DLL Release - DLL wolfSSL|x64.ActiveCfg = Release|x64
		{8C07F811-C81C-432C-B334-1AE6FAECF951}.DLL Release - DLL wolfSSL|x64.Build.0 = Release|x64
		{8C07F811-C81C-432C-B334-1AE6FAECF951}.DLL Release - DLL wolfSSL|x86.ActiveCfg = Release|Win32
		{8C07F811-C81C-432C-B334-1AE6FAECF951}.DLL Release - DLL wolfSSL|x86.Build.0 = Release|Win32
		{8C07F811-C81C-432C-B334-1AE6FAECF951}.DLL Release|x64.ActiveCfg = Release|x64
		{8C07F811-C81C-432C-B334-1AE6FAECF951}.DLL Release|x64.Build.0 = Release|x64
		{8C07F811-C81C-432C-B334-1AE6FAECF951}.DLL Release|x86.ActiveCfg = Release|Win32
		{8C07F811-C81C-432C-B334-1AE6FAECF951}.DLL Release|x86.Build.0 = Release|Win32
		{8C07F811-C81C-432C-B334-1AE6FAECF951}.LIB Debug - DLL OpenSSL - DLL LibSSH2|x64.ActiveCfg = Debug|x64
		{8C07F811-C81C-432C-B334-1AE6FAECF951}.LIB Debug - DLL OpenSSL - DLL LibSSH2|x64.Build.0 = Debug|x64
		{8C07F811-C81C-432C-B334-1AE6FAECF951}.LIB Debug - DLL OpenSSL - DLL LibSSH2|x86.ActiveCfg = Debug|Win32
		{8C07F811-C81C-432C-B334-1AE6FAECF951}.LIB Debug - DLL OpenSSL - DLL LibSSH2|x86.Build.0 = Debug|Win32
		{8C07F811-C81C-432C-B334-1AE6FAECF951}.LIB Debug - DLL OpenSSL|x64.ActiveCfg = Debug|x64
		{8C07F811-C81C-432C-B334-1AE6FAECF951}.LIB Debug - DLL OpenSSL|x64.Build.0 = Debug|x64
		{8C07F811-C81C-432C-B334-1AE6FAECF951}.LIB Debug - DLL OpenSSL|x86.ActiveCfg = Debug|Win32
		{8C07F811-C81C-432C-B334-1AE6FAECF951}.LIB Debug - DLL OpenSSL|x86.Build.0 = Debug|Win32
		{8C07F811-C81C-432C-B334-1AE6FAECF951}.LIB Debug - DLL Windows SSPI - DLL WinIDN|x64.ActiveCfg = Debug|x64
		{8C07F811-C81C-432C-B334-1AE6FAECF951}.LIB Debug - DLL Windows SSPI - DLL WinIDN|x64.Build.0 = Debug|x64
		{8C07F811-C81C-432C-B334-1AE6FAECF951}.LIB Debug - DLL Windows SSPI - DLL WinIDN|x86.ActiveCfg = Debug|Win32
		{8C07F811-C81C-432C-B334-1AE6FAECF951}.LIB Debug - DLL Windows SSPI - DLL WinIDN|x86.Build.0 = Debug|Win32
		{8C07F811-C81C-432C-B334-1AE6FAECF951}.LIB Debug - DLL Windows SSPI|x64.ActiveCfg = Debug|x64
		{8C07F811-C81C-432C-B334-1AE6FAECF951}.LIB Debug - DLL Windows SSPI|x64.Build.0 = Debug|x64
		{8C07F811-C81C-432C-B334-1AE6FAECF951}.LIB Debug - DLL Windows SSPI|x86.ActiveCfg = Debug|Win32
		{8C07F811-C81C-432C-B334-1AE6FAECF951}.LIB Debug - DLL Windows SSPI|x86.Build.0 = Debug|Win32
		{8C07F811-C81C-432C-B334-1AE6FAECF951}.LIB Debug - LIB OpenSSL - LIB LibSSH2|x64.ActiveCfg = Debug|x64
		{8C07F811-C81C-432C-B334-1AE6FAECF951}.LIB Debug - LIB OpenSSL - LIB LibSSH2|x64.Build.0 = Debug|x64
		{8C07F811-C81C-432C-B334-1AE6FAECF951}.LIB Debug - LIB OpenSSL - LIB LibSSH2|x86.ActiveCfg = Debug|Win32
		{8C07F811-C81C-432C-B334-1AE6FAECF951}.LIB Debug - LIB OpenSSL - LIB LibSSH2|x86.Build.0 = Debug|Win32
		{8C07F811-C81C-432C-B334-1AE6FAECF951}.LIB Debug - LIB OpenSSL|x64.ActiveCfg = Debug|x64
		{8C07F811-C81C-432C-B334-1AE6FAECF951}.LIB Debug - LIB OpenSSL|x64.Build.0 = Debug|x64
		{8C07F811-C81C-432C-B334-1AE6FAECF951}.LIB Debug - LIB OpenSSL|x86.ActiveCfg = Debug|Win32
		{8C07F811-C81C-432C-B334-1AE6FAECF951}.LIB Debug - LIB OpenSSL|x86.Build.0 = Debug|Win32
		{8C07F811-C81C-432C-B334-1AE6FAECF951}.LIB Debug - LIB wolfSSL|x64.ActiveCfg = Debug|x64
		{8C07F811-C81C-432C-B334-1AE6FAECF951}.LIB Debug - LIB wolfSSL|x64.Build.0 = Debug|x64
		{8C07F811-C81C-432C-B334-1AE6FAECF951}.LIB Debug - LIB wolfSSL|x86.ActiveCfg = Debug|Win32
		{8C07F811-C81C-432C-B334-1AE6FAECF951}.LIB Debug - LIB wolfSSL|x86.Build.0 = Debug|Win32
		{8C07F811-C81C-432C-B334-1AE6FAECF951}.LIB Debug|x64.ActiveCfg = Debug|x64
		{8C07F811-C81C-432C-B334-1AE6FAECF951}.LIB Debug|x64.Build.0 = Debug|x64
		{8C07F811-C81C-432C-B334-1AE6FAECF951}.LIB Debug|x86.ActiveCfg = Debug|Win32
		{8C07F811-C81C-432C-B334-1AE6FAECF951}.LIB Debug|x86.Build.0 = Debug|Win32
		{8C07F811-C81C-432C-B334-1AE6FAECF951}.LIB Release - DLL OpenSSL - DLL LibSSH2|x64.ActiveCfg = Release|x64
		{8C07F811-C81C-432C-B334-1AE6FAECF951}.LIB Release - DLL OpenSSL - DLL LibSSH2|x64.Build.0 = Release|x64
		{8C07F811-C81C-432C-B334-1AE6FAECF951}.LIB Release - DLL OpenSSL - DLL LibSSH2|x86.ActiveCfg = Release|Win32
		{8C07F811-C81C-432C-B334-1AE6FAECF951}.LIB Release - DLL OpenSSL - DLL LibSSH2|x86.Build.0 = Release|Win32
		{8C07F811-C81C-432C-B334-1AE6FAECF951}.LIB Release - DLL OpenSSL|x64.ActiveCfg = Release|x64
		{8C07F811-C81C-432C-B334-1AE6FAECF951}.LIB Release - DLL OpenSSL|x64.Build.0 = Release|x64
		{8C07F811-C81C-432C-B334-1AE6FAECF951}.LIB Release - DLL OpenSSL|x86.ActiveCfg = Release|Win32
		{8C07F811-C81C-432C-B334-1AE6FAECF951}.LIB Release - DLL OpenSSL|x86.Build.0 = Release|Win32
		{8C07F811-C81C-432C-B334-1AE6FAECF951}.LIB Release - DLL Windows SSPI - DLL WinIDN|x64.ActiveCfg = Release|x64
		{8C07F811-C81C-432C-B334-1AE6FAECF951}.LIB Release - DLL Windows SSPI - DLL WinIDN|x64.Build.0 = Release|x64
		{8C07F811-C81C-432C-B334-1AE6FAECF951}.LIB Release - DLL Windows SSPI - DLL WinIDN|x86.ActiveCfg = Release|Win32
		{8C07F811-C81C-432C-B334-1AE6FAECF951}.LIB Release - DLL Windows SSPI - DLL WinIDN|x86.Build.0 = Release|Win32
		{8C07F811-C81C-432C-B334-1AE6FAECF951}.LIB Release - DLL Windows SSPI|x64.ActiveCfg = Release|x64
		{8C07F811-C81C-432C-B334-1AE6FAECF951}.LIB Release - DLL Windows SSPI|x64.Build.0 = Release|x64
		{8C07F811-C81C-432C-B334-1AE6FAECF951}.LIB Release - DLL Windows SSPI|x86.ActiveCfg = Release|Win32
		{8C07F811-C81C-432C-B334-1AE6FAECF951}.LIB Release - DLL Windows SSPI|x86.Build.0 = Release|Win32
		{8C07F811-C81C-432C-B334-1AE6FAECF951}.LIB Release - LIB OpenSSL - LIB LibSSH2|x64.ActiveCfg = Release|x64
		{8C07F811-C81C-432C-B334-1AE6FAECF951}.LIB Release - LIB OpenSSL - LIB LibSSH2|x64.Build.0 = Release|x64
		{8C07F811-C81C-432C-B334-1AE6FAECF951}.LIB Release - LIB OpenSSL - LIB LibSSH2|x86.ActiveCfg = Release|Win32
		{8C07F811-C81C-432C-B334-1AE6FAECF951}.LIB Release - LIB OpenSSL - LIB LibSSH2|x86.Build.0 = Release|Win32
		{8C07F811-C81C-432C-B334-1AE6FAECF951}.LIB Release - LIB OpenSSL|x64.ActiveCfg = Release|x64
		{8C07F811-C81C-432C-B334-1AE6FAECF951}.LIB Release - LIB OpenSSL|x64.Build.0 = Release|x64
		{8C07F811-C81C-432C-B334-1AE6FAECF951}.LIB Release - LIB OpenSSL|x86.ActiveCfg = Release|Win32
		{8C07F811-C81C-432C-B334-1AE6FAECF951}.LIB Release - LIB OpenSSL|x86.Build.0 = Release|Win32
		{8C07F811-C81C-432C-B334-1AE6FAECF951}.LIB Release - LIB wolfSSL|x64.ActiveCfg = Release|x64
		{8C07F811-C81C-432C-B334-1AE6FAECF951}.LIB Release - LIB wolfSSL|x64.Build.0 = Release|x64
		{8C07F811-C81C-432C-B334-1AE6FAECF951}.LIB Release - LIB wolfSSL|x86.ActiveCfg = Release|Win32
		{8C07F811-C81C-432C-B334-1AE6FAECF951}.LIB Release - LIB wolfSSL|x86.Build.0 = Release|Win32
		{8C07F811-C81C-432C-B334-1AE6FAECF951}.LIB Release|x64.ActiveCfg = Release|x64
		{8C07F811-C81C-432C-B334-1AE6FAECF951}.LIB Release|x64.Build.0 = Release|x64
		{8C07F811-C81C-432C-B334-1AE6FAECF951}.LIB Release|x86.ActiveCfg = Release|Win32
		{8C07F811-C81C-432C-B334-1AE6FAECF951}.LIB Release|x86.Build.0 = Release|Win32
		{8C07F811-C81C-432C-B334-1AE6FAECF951}.MinSizeRel|x64.ActiveCfg = Release|x64
		{8C07F811-C81C-432C-B334-1AE6FAECF951}.MinSizeRel|x64.Build.0 = Release|x64
		{8C07F811-C81C-432C-B334-1AE6FAECF951}.MinSizeRel|x86.ActiveCfg = Release|Win32
		{8C07F811-C81C-432C-B334-1AE6FAECF951}.MinSizeRel|x86.Build.0 = Release|Win32
		{8C07F811-C81C-432C-B334-1AE6FAECF951}.Release|x64.ActiveCfg = Release|x64
		{8C07F811-C81C-432C-B334-1AE6FAECF951}.Release|x64.Build.0 = Release|x64
		{8C07F811-C81C-432C-B334-1AE6FAECF951}.Release|x86.ActiveCfg = Release|Win32
		{8C07F811-C81C-432C-B334-1AE6FAECF951}.Release|x86.Build.0 = Release|Win32
		{8C07F811-C81C-432C-B334-1AE6FAECF951}.RelWithDebInfo|x64.ActiveCfg = Release|x64
		{8C07F811-C81C-432C-B334-1AE6FAECF951}.RelWithDebInfo|x64.Build.0 = Release|x64
		{8C07F811-C81C-432C-B334-1AE6FAECF951}.RelWithDebInfo|x86.ActiveCfg = Release|Win32
		{8C07F811-C81C-432C-B334-1AE6FAECF951}.RelWithDebInfo|x86.Build.0 = Release|Win32
		{8C07F811-C81C-432C-B334-1AE6FAECF951}.withLua50_Debug|x64.ActiveCfg = Debug|x64
		{8C07F811-C81C-432C-B334-1AE6FAECF951}.withLua50_Debug|x64.Build.0 = Debug|x64
		{8C07F811-C81C-432C-B334-1AE6FAECF951}.withLua50_Debug|x86.ActiveCfg = Debug|Win32
		{8C07F811-C81C-432C-B334-1AE6FAECF951}.withLua50_Debug|x86.Build.0 = Debug|Win32
		{8C07F811-C81C-432C-B334-1AE6FAECF951}.withLua50_Release|x64.ActiveCfg = Release|x64
		{8C07F811-C81C-432C-B334-1AE6FAECF951}.withLua50_Release|x64.Build.0 = Release|x64
		{8C07F811-C81C-432C-B334-1AE6FAECF951}.withLua50_Release|x86.ActiveCfg = Release|Win32
		{8C07F811-C81C-432C-B334-1AE6FAECF951}.withLua50_Release|x86.Build.0 = Release|Win32
		{8C07F811-C81C-432C-B334-1AE6FAECF951}.withLua51_Debug|x64.ActiveCfg = Debug|x64
		{8C07F811-C81C-432C-B334-1AE6FAECF951}.withLua51_Debug|x64.Build.0 = Debug|x64
		{8C07F811-C81C-432C-B334-1AE6FAECF951}.withLua51_Debug|x86.ActiveCfg = Debug|Win32
		{8C07F811-C81C-432C-B334-1AE6FAECF951}.withLua51_Debug|x86.Build.0 = Debug|Win32
		{8C07F811-C81C-432C-B334-1AE6FAECF951}.withLua51_Release|x64.ActiveCfg = Release|x64
		{8C07F811-C81C-432C-B334-1AE6FAECF951}.withLua51_Release|x64.Build.0 = Release|x64
		{8C07F811-C81C-432C-B334-1AE6FAECF951}.withLua51_Release|x86.ActiveCfg = Release|Win32
		{8C07F811-C81C-432C-B334-1AE6FAECF951}.withLua51_Release|x86.Build.0 = Release|Win32
	EndGlobalSection
	GlobalSection(SolutionProperties) = preSolution
		HideSolutionNode = FALSE
	EndGlobalSection
	GlobalSection(NestedProjects) = preSolution
		{6533BDAE-0F0C-45E4-8FE7-ADD0F37FE063} = {B57F885B-1129-470B-8C29-76583B6ACA24}
		{4D8946D0-904E-482A-AB8C-4B74C32DF79D} = {E2E2AC1A-D21B-45D6-9B09-C4FCD6AD87A7}
		{13E85053-54B3-487B-8DDB-3430B1C1B3BF} = {B57F885B-1129-470B-8C29-76583B6ACA24}
		{8C07F811-C81C-432C-B334-1AE6FAECF951} = {B57F885B-1129-470B-8C29-76583B6ACA24}
	EndGlobalSection
	GlobalSection(ExtensibilityGlobals) = postSolution
		SolutionGuid = {9001770F-0DFB-4C77-AF7B-C427158A0D6F}
	EndGlobalSection
EndGlobal
