<?xml version="1.0" encoding="utf-8"?>
<Project ToolsVersion="4.0" xmlns="http://schemas.microsoft.com/developer/msbuild/2003">
  <ItemGroup>
    <Filter Include="源文件">
      <UniqueIdentifier>{4FC737F1-C7A5-4376-A066-2A32D752A2FF}</UniqueIdentifier>
      <Extensions>cpp;c;cc;cxx;def;odl;idl;hpj;bat;asm;asmx</Extensions>
    </Filter>
    <Filter Include="头文件">
      <UniqueIdentifier>{93995380-89BD-4b04-88EB-625FBE52EBFB}</UniqueIdentifier>
      <Extensions>h;hh;hpp;hxx;hm;inl;inc;xsd</Extensions>
    </Filter>
    <Filter Include="资源文件">
      <UniqueIdentifier>{67DA6AB6-F800-4c08-8B7A-83BB121AAD01}</UniqueIdentifier>
      <Extensions>rc;ico;cur;bmp;dlg;rc2;rct;bin;rgs;gif;jpg;jpeg;jpe;resx;tiff;tif;png;wav;mfcribbon-ms</Extensions>
    </Filter>
    <Filter Include="lua">
      <UniqueIdentifier>{4237c5eb-8b25-437c-8609-dffa2721b261}</UniqueIdentifier>
    </Filter>
    <Filter Include="LuaBridge">
      <UniqueIdentifier>{e878f618-8be0-4f13-8e8c-552b607424c8}</UniqueIdentifier>
    </Filter>
    <Filter Include="http">
      <UniqueIdentifier>{adc08d1c-b475-4c4e-a559-d9182aad9a15}</UniqueIdentifier>
    </Filter>
  </ItemGroup>
  <ItemGroup>
    <ClInclude Include="..\src\common\common.h">
      <Filter>头文件</Filter>
    </ClInclude>
    <ClInclude Include="..\src\common\NetworkConnection.h">
      <Filter>头文件</Filter>
    </ClInclude>
    <ClInclude Include="..\src\common\TcpConnection.h">
      <Filter>头文件</Filter>
    </ClInclude>
    <ClInclude Include="..\src\common\UdpConnection.h">
      <Filter>头文件</Filter>
    </ClInclude>
    <ClInclude Include="..\src\common\TcpListener.h">
      <Filter>头文件</Filter>
    </ClInclude>
    <ClInclude Include="..\src\common\UdpListener.h">
      <Filter>头文件</Filter>
    </ClInclude>
    <ClInclude Include="..\src\common\Timer.h">
      <Filter>头文件</Filter>
    </ClInclude>
    <ClInclude Include="..\src\common\BaseServer.h">
      <Filter>头文件</Filter>
    </ClInclude>
    <ClInclude Include="..\src\common\objectpool.h">
      <Filter>头文件</Filter>
    </ClInclude>
    <ClInclude Include="..\src\common\linux\getopt.h">
      <Filter>头文件</Filter>
    </ClInclude>
    <ClInclude Include="..\src\common\log.h">
      <Filter>头文件</Filter>
    </ClInclude>
    <ClInclude Include="..\src\common\FileReader.h">
      <Filter>头文件</Filter>
    </ClInclude>
    <ClInclude Include="..\src\common\tools.h">
      <Filter>头文件</Filter>
    </ClInclude>
    <ClInclude Include="..\src\common\Vector3.h">
      <Filter>头文件</Filter>
    </ClInclude>
    <ClInclude Include="..\src\common\HttpListenner.h">
      <Filter>头文件</Filter>
    </ClInclude>
    <ClInclude Include="..\src\common\base64.h">
      <Filter>头文件</Filter>
    </ClInclude>
    <ClInclude Include="..\src\common\WebSocket.h">
      <Filter>头文件</Filter>
    </ClInclude>
    <ClInclude Include="..\src\common\ccUTF8.h">
      <Filter>头文件</Filter>
    </ClInclude>
    <ClInclude Include="..\src\common\ConvertUTF.h">
      <Filter>头文件</Filter>
    </ClInclude>
    <ClInclude Include="..\src\common\ThreadPool2.h">
      <Filter>头文件</Filter>
    </ClInclude>
    <ClInclude Include="..\src\common\HttpClient.h">
      <Filter>头文件</Filter>
    </ClInclude>
    <ClInclude Include="..\src\common\SocketPool.h">
      <Filter>头文件</Filter>
    </ClInclude>
    <ClInclude Include="..\src\common\MessageQueue.h">
      <Filter>头文件</Filter>
    </ClInclude>
    <ClInclude Include="..\src\common\ThreadEventPool.h">
      <Filter>头文件</Filter>
    </ClInclude>
    <ClInclude Include="..\src\common\ConnectHelper.h">
      <Filter>头文件</Filter>
    </ClInclude>
    <ClInclude Include="..\src\common\DR_SHA1.h">
      <Filter>头文件</Filter>
    </ClInclude>
    <ClInclude Include="..\src\common\lua\lapi.h">
      <Filter>lua</Filter>
    </ClInclude>
    <ClInclude Include="..\src\common\lua\lauxlib.h">
      <Filter>lua</Filter>
    </ClInclude>
    <ClInclude Include="..\src\common\lua\lcode.h">
      <Filter>lua</Filter>
    </ClInclude>
    <ClInclude Include="..\src\common\lua\lctype.h">
      <Filter>lua</Filter>
    </ClInclude>
    <ClInclude Include="..\src\common\lua\ldebug.h">
      <Filter>lua</Filter>
    </ClInclude>
    <ClInclude Include="..\src\common\lua\ldo.h">
      <Filter>lua</Filter>
    </ClInclude>
    <ClInclude Include="..\src\common\lua\lfunc.h">
      <Filter>lua</Filter>
    </ClInclude>
    <ClInclude Include="..\src\common\lua\lgc.h">
      <Filter>lua</Filter>
    </ClInclude>
    <ClInclude Include="..\src\common\lua\llex.h">
      <Filter>lua</Filter>
    </ClInclude>
    <ClInclude Include="..\src\common\lua\llimits.h">
      <Filter>lua</Filter>
    </ClInclude>
    <ClInclude Include="..\src\common\lua\lmem.h">
      <Filter>lua</Filter>
    </ClInclude>
    <ClInclude Include="..\src\common\lua\lobject.h">
      <Filter>lua</Filter>
    </ClInclude>
    <ClInclude Include="..\src\common\lua\lopcodes.h">
      <Filter>lua</Filter>
    </ClInclude>
    <ClInclude Include="..\src\common\lua\lparser.h">
      <Filter>lua</Filter>
    </ClInclude>
    <ClInclude Include="..\src\common\lua\lstate.h">
      <Filter>lua</Filter>
    </ClInclude>
    <ClInclude Include="..\src\common\lua\lstring.h">
      <Filter>lua</Filter>
    </ClInclude>
    <ClInclude Include="..\src\common\lua\ltable.h">
      <Filter>lua</Filter>
    </ClInclude>
    <ClInclude Include="..\src\common\lua\ltm.h">
      <Filter>lua</Filter>
    </ClInclude>
    <ClInclude Include="..\src\common\lua\lua.h">
      <Filter>lua</Filter>
    </ClInclude>
    <ClInclude Include="..\src\common\lua\lua.hpp">
      <Filter>lua</Filter>
    </ClInclude>
    <ClInclude Include="..\src\common\lua\luaconf.h">
      <Filter>lua</Filter>
    </ClInclude>
    <ClInclude Include="..\src\common\lua\lualib.h">
      <Filter>lua</Filter>
    </ClInclude>
    <ClInclude Include="..\src\common\lua\lundump.h">
      <Filter>lua</Filter>
    </ClInclude>
    <ClInclude Include="..\src\common\lua\lvm.h">
      <Filter>lua</Filter>
    </ClInclude>
    <ClInclude Include="..\src\common\lua\lzio.h">
      <Filter>lua</Filter>
    </ClInclude>
    <ClInclude Include="..\src\common\LuaEngine.h">
      <Filter>头文件</Filter>
    </ClInclude>
    <ClInclude Include="..\src\common\httplib.h">
      <Filter>头文件</Filter>
    </ClInclude>
    <ClInclude Include="..\src\common\LuaBridge\LuaBridge.h">
      <Filter>LuaBridge</Filter>
    </ClInclude>
    <ClInclude Include="..\src\common\LuaBridge\RefCountedObject.h">
      <Filter>LuaBridge</Filter>
    </ClInclude>
    <ClInclude Include="..\src\common\LuaBridge\RefCountedPtr.h">
      <Filter>LuaBridge</Filter>
    </ClInclude>
    <ClInclude Include="..\src\common\http\httplib.h">
      <Filter>http</Filter>
    </ClInclude>
    <ClInclude Include="..\src\common\RedisHelper.h">
      <Filter>头文件</Filter>
    </ClInclude>
  </ItemGroup>
  <ItemGroup>
    <ClCompile Include="..\src\common\common.cpp">
      <Filter>源文件</Filter>
    </ClCompile>
    <ClCompile Include="..\src\common\NetworkConnection.cpp">
      <Filter>源文件</Filter>
    </ClCompile>
    <ClCompile Include="..\src\common\TcpConnection.cpp">
      <Filter>源文件</Filter>
    </ClCompile>
    <ClCompile Include="..\src\common\UdpConnection.cpp">
      <Filter>源文件</Filter>
    </ClCompile>
    <ClCompile Include="..\src\common\TcpListener.cpp">
      <Filter>源文件</Filter>
    </ClCompile>
    <ClCompile Include="..\src\common\UdpListener.cpp">
      <Filter>源文件</Filter>
    </ClCompile>
    <ClCompile Include="..\src\common\Timer.cpp">
      <Filter>源文件</Filter>
    </ClCompile>
    <ClCompile Include="..\src\common\BaseServer.cpp">
      <Filter>源文件</Filter>
    </ClCompile>
    <ClCompile Include="..\src\common\linux\getopt.cpp">
      <Filter>源文件</Filter>
    </ClCompile>
    <ClCompile Include="..\src\common\log.cpp">
      <Filter>源文件</Filter>
    </ClCompile>
    <ClCompile Include="..\src\common\FileReader.cpp">
      <Filter>源文件</Filter>
    </ClCompile>
    <ClCompile Include="..\src\common\tools.cpp">
      <Filter>源文件</Filter>
    </ClCompile>
    <ClCompile Include="..\src\common\Vector3.cpp">
      <Filter>源文件</Filter>
    </ClCompile>
    <ClCompile Include="..\src\common\HttpListenner.cpp">
      <Filter>源文件</Filter>
    </ClCompile>
    <ClCompile Include="..\src\common\base64.cpp">
      <Filter>源文件</Filter>
    </ClCompile>
    <ClCompile Include="..\src\common\ccUTF8.cpp">
      <Filter>源文件</Filter>
    </ClCompile>
    <ClCompile Include="..\src\common\ConvertUTFWrapper.cpp">
      <Filter>源文件</Filter>
    </ClCompile>
    <ClCompile Include="..\src\common\ConvertUTF.cpp">
      <Filter>源文件</Filter>
    </ClCompile>
    <ClCompile Include="..\src\common\ThreadPool2.cpp">
      <Filter>源文件</Filter>
    </ClCompile>
    <ClCompile Include="..\src\common\WebSocket.cpp">
      <Filter>源文件</Filter>
    </ClCompile>
    <ClCompile Include="..\src\common\HttpClient.cpp">
      <Filter>源文件</Filter>
    </ClCompile>
    <ClCompile Include="..\src\common\SocketPool.cpp">
      <Filter>源文件</Filter>
    </ClCompile>
    <ClCompile Include="..\src\common\MessageQueue.cpp">
      <Filter>源文件</Filter>
    </ClCompile>
    <ClCompile Include="..\src\common\ThreadEventPool.cpp">
      <Filter>源文件</Filter>
    </ClCompile>
    <ClCompile Include="..\src\common\ConnectHelper.cpp">
      <Filter>源文件</Filter>
    </ClCompile>
    <ClCompile Include="..\src\common\DR_SHA1.cpp">
      <Filter>源文件</Filter>
    </ClCompile>
    <ClCompile Include="..\src\common\lua\lapi.c">
      <Filter>lua</Filter>
    </ClCompile>
    <ClCompile Include="..\src\common\lua\lauxlib.c">
      <Filter>lua</Filter>
    </ClCompile>
    <ClCompile Include="..\src\common\lua\lbaselib.c">
      <Filter>lua</Filter>
    </ClCompile>
    <ClCompile Include="..\src\common\lua\lbitlib.c">
      <Filter>lua</Filter>
    </ClCompile>
    <ClCompile Include="..\src\common\lua\lcode.c">
      <Filter>lua</Filter>
    </ClCompile>
    <ClCompile Include="..\src\common\lua\lcorolib.c">
      <Filter>lua</Filter>
    </ClCompile>
    <ClCompile Include="..\src\common\lua\lctype.c">
      <Filter>lua</Filter>
    </ClCompile>
    <ClCompile Include="..\src\common\lua\ldblib.c">
      <Filter>lua</Filter>
    </ClCompile>
    <ClCompile Include="..\src\common\lua\ldebug.c">
      <Filter>lua</Filter>
    </ClCompile>
    <ClCompile Include="..\src\common\lua\ldo.c">
      <Filter>lua</Filter>
    </ClCompile>
    <ClCompile Include="..\src\common\lua\ldump.c">
      <Filter>lua</Filter>
    </ClCompile>
    <ClCompile Include="..\src\common\lua\lfunc.c">
      <Filter>lua</Filter>
    </ClCompile>
    <ClCompile Include="..\src\common\lua\lgc.c">
      <Filter>lua</Filter>
    </ClCompile>
    <ClCompile Include="..\src\common\lua\linit.c">
      <Filter>lua</Filter>
    </ClCompile>
    <ClCompile Include="..\src\common\lua\liolib.c">
      <Filter>lua</Filter>
    </ClCompile>
    <ClCompile Include="..\src\common\lua\llex.c">
      <Filter>lua</Filter>
    </ClCompile>
    <ClCompile Include="..\src\common\lua\lmathlib.c">
      <Filter>lua</Filter>
    </ClCompile>
    <ClCompile Include="..\src\common\lua\lmem.c">
      <Filter>lua</Filter>
    </ClCompile>
    <ClCompile Include="..\src\common\lua\loadlib.c">
      <Filter>lua</Filter>
    </ClCompile>
    <ClCompile Include="..\src\common\lua\lobject.c">
      <Filter>lua</Filter>
    </ClCompile>
    <ClCompile Include="..\src\common\lua\lopcodes.c">
      <Filter>lua</Filter>
    </ClCompile>
    <ClCompile Include="..\src\common\lua\loslib.c">
      <Filter>lua</Filter>
    </ClCompile>
    <ClCompile Include="..\src\common\lua\lparser.c">
      <Filter>lua</Filter>
    </ClCompile>
    <ClCompile Include="..\src\common\lua\lstate.c">
      <Filter>lua</Filter>
    </ClCompile>
    <ClCompile Include="..\src\common\lua\lstring.c">
      <Filter>lua</Filter>
    </ClCompile>
    <ClCompile Include="..\src\common\lua\lstrlib.c">
      <Filter>lua</Filter>
    </ClCompile>
    <ClCompile Include="..\src\common\lua\ltable.c">
      <Filter>lua</Filter>
    </ClCompile>
    <ClCompile Include="..\src\common\lua\ltablib.c">
      <Filter>lua</Filter>
    </ClCompile>
    <ClCompile Include="..\src\common\lua\ltm.c">
      <Filter>lua</Filter>
    </ClCompile>
    <ClCompile Include="..\src\common\lua\lua.c">
      <Filter>lua</Filter>
    </ClCompile>
    <ClCompile Include="..\src\common\lua\luac.c">
      <Filter>lua</Filter>
    </ClCompile>
    <ClCompile Include="..\src\common\lua\lundump.c">
      <Filter>lua</Filter>
    </ClCompile>
    <ClCompile Include="..\src\common\lua\lvm.c">
      <Filter>lua</Filter>
    </ClCompile>
    <ClCompile Include="..\src\common\lua\lzio.c">
      <Filter>lua</Filter>
    </ClCompile>
    <ClCompile Include="..\src\common\LuaEngine.cpp">
      <Filter>源文件</Filter>
    </ClCompile>
    <ClCompile Include="..\src\common\RedisHelper.cpp">
      <Filter>源文件</Filter>
    </ClCompile>
  </ItemGroup>
  <ItemGroup>
    <None Include="..\src\common\lua\Makefile">
      <Filter>lua</Filter>
    </None>
  </ItemGroup>
</Project>